// !$*UTF8*$!
{
	archiveVersion = 1;
	classes = {
	};
	objectVersion = 46;
	objects = {

/* Begin PBXBuildFile section */
		166DA34218018F1E00B7CBCD /* Foundation.framework in Frameworks */ = {isa = PBXBuildFile; fileRef = 166DA34118018F1E00B7CBCD /* Foundation.framework */; };
		166DA34418018F1E00B7CBCD /* CoreGraphics.framework in Frameworks */ = {isa = PBXBuildFile; fileRef = 166DA34318018F1E00B7CBCD /* CoreGraphics.framework */; };
		166DA34618018F1E00B7CBCD /* UIKit.framework in Frameworks */ = {isa = PBXBuildFile; fileRef = 166DA34518018F1E00B7CBCD /* UIKit.framework */; };
		166DA34C18018F1E00B7CBCD /* InfoPlist.strings in Resources */ = {isa = PBXBuildFile; fileRef = 166DA34A18018F1E00B7CBCD /* InfoPlist.strings */; };
		166DA34E18018F1E00B7CBCD /* main.m in Sources */ = {isa = PBXBuildFile; fileRef = 166DA34D18018F1E00B7CBCD /* main.m */; };
		166DA35518018F1E00B7CBCD /* Main.storyboard in Resources */ = {isa = PBXBuildFile; fileRef = 166DA35318018F1E00B7CBCD /* Main.storyboard */; };
		166DA35A18018F1E00B7CBCD /* Images.xcassets in Resources */ = {isa = PBXBuildFile; fileRef = 166DA35918018F1E00B7CBCD /* Images.xcassets */; };
		166DA36118018F1E00B7CBCD /* XCTest.framework in Frameworks */ = {isa = PBXBuildFile; fileRef = 166DA36018018F1E00B7CBCD /* XCTest.framework */; };
		166DA36218018F1E00B7CBCD /* Foundation.framework in Frameworks */ = {isa = PBXBuildFile; fileRef = 166DA34118018F1E00B7CBCD /* Foundation.framework */; };
		166DA36318018F1E00B7CBCD /* UIKit.framework in Frameworks */ = {isa = PBXBuildFile; fileRef = 166DA34518018F1E00B7CBCD /* UIKit.framework */; };
		166DA36B18018F1E00B7CBCD /* InfoPlist.strings in Resources */ = {isa = PBXBuildFile; fileRef = 166DA36918018F1E00B7CBCD /* InfoPlist.strings */; };
		166DA36D18018F1E00B7CBCD /* SSOTests.m in Sources */ = {isa = PBXBuildFile; fileRef = 166DA36C18018F1E00B7CBCD /* SSOTests.m */; };
		166DA37718018F2B00B7CBCD /* Accounts.framework in Frameworks */ = {isa = PBXBuildFile; fileRef = 166DA37618018F2B00B7CBCD /* Accounts.framework */; };
		166DA38118018F3B00B7CBCD /* fb.png in Resources */ = {isa = PBXBuildFile; fileRef = 166DA37818018F3B00B7CBCD /* fb.png */; };
		166DA38218018F3B00B7CBCD /* twitter.png in Resources */ = {isa = PBXBuildFile; fileRef = 166DA37918018F3B00B7CBCD /* twitter.png */; };
		166DA38318018F3B00B7CBCD /* Icon.png in Resources */ = {isa = PBXBuildFile; fileRef = 166DA37A18018F3B00B7CBCD /* Icon.png */; };
		166DA38418018F3B00B7CBCD /* Icon@2x.png in Resources */ = {isa = PBXBuildFile; fileRef = 166DA37B18018F3B00B7CBCD /* Icon@2x.png */; };
		166DA38518018F3B00B7CBCD /* YDAppDelegate.m in Sources */ = {isa = PBXBuildFile; fileRef = 166DA37D18018F3B00B7CBCD /* YDAppDelegate.m */; };
		166DA38618018F3B00B7CBCD /* YDViewController.m in Sources */ = {isa = PBXBuildFile; fileRef = 166DA37F18018F3B00B7CBCD /* YDViewController.m */; };
		166DA38718018F3B00B7CBCD /* YDViewController.xib in Resources */ = {isa = PBXBuildFile; fileRef = 166DA38018018F3B00B7CBCD /* YDViewController.xib */; };
/* End PBXBuildFile section */

/* Begin PBXContainerItemProxy section */
		166DA36418018F1E00B7CBCD /* PBXContainerItemProxy */ = {
			isa = PBXContainerItemProxy;
			containerPortal = 166DA33618018F1E00B7CBCD /* Project object */;
			proxyType = 1;
			remoteGlobalIDString = 166DA33D18018F1E00B7CBCD;
			remoteInfo = SSO;
		};
/* End PBXContainerItemProxy section */

/* Begin PBXFileReference section */
		166DA33E18018F1E00B7CBCD /* SSO.app */ = {isa = PBXFileReference; explicitFileType = wrapper.application; includeInIndex = 0; path = SSO.app; sourceTree = BUILT_PRODUCTS_DIR; };
		166DA34118018F1E00B7CBCD /* Foundation.framework */ = {isa = PBXFileReference; lastKnownFileType = wrapper.framework; name = Foundation.framework; path = System/Library/Frameworks/Foundation.framework; sourceTree = SDKROOT; };
		166DA34318018F1E00B7CBCD /* CoreGraphics.framework */ = {isa = PBXFileReference; lastKnownFileType = wrapper.framework; name = CoreGraphics.framework; path = System/Library/Frameworks/CoreGraphics.framework; sourceTree = SDKROOT; };
		166DA34518018F1E00B7CBCD /* UIKit.framework */ = {isa = PBXFileReference; lastKnownFileType = wrapper.framework; name = UIKit.framework; path = System/Library/Frameworks/UIKit.framework; sourceTree = SDKROOT; };
		166DA34918018F1E00B7CBCD /* SSO-Info.plist */ = {isa = PBXFileReference; lastKnownFileType = text.plist.xml; path = "SSO-Info.plist"; sourceTree = "<group>"; };
		166DA34B18018F1E00B7CBCD /* en */ = {isa = PBXFileReference; lastKnownFileType = text.plist.strings; name = en; path = en.lproj/InfoPlist.strings; sourceTree = "<group>"; };
		166DA34D18018F1E00B7CBCD /* main.m */ = {isa = PBXFileReference; lastKnownFileType = sourcecode.c.objc; path = main.m; sourceTree = "<group>"; };
		166DA34F18018F1E00B7CBCD /* SSO-Prefix.pch */ = {isa = PBXFileReference; lastKnownFileType = sourcecode.c.h; path = "SSO-Prefix.pch"; sourceTree = "<group>"; };
		166DA35418018F1E00B7CBCD /* Base */ = {isa = PBXFileReference; lastKnownFileType = file.storyboard; name = Base; path = Base.lproj/Main.storyboard; sourceTree = "<group>"; };
		166DA35918018F1E00B7CBCD /* Images.xcassets */ = {isa = PBXFileReference; lastKnownFileType = folder.assetcatalog; path = Images.xcassets; sourceTree = "<group>"; };
		166DA35F18018F1E00B7CBCD /* SSOTests.xctest */ = {isa = PBXFileReference; explicitFileType = wrapper.cfbundle; includeInIndex = 0; path = SSOTests.xctest; sourceTree = BUILT_PRODUCTS_DIR; };
		166DA36018018F1E00B7CBCD /* XCTest.framework */ = {isa = PBXFileReference; lastKnownFileType = wrapper.framework; name = XCTest.framework; path = Library/Frameworks/XCTest.framework; sourceTree = DEVELOPER_DIR; };
		166DA36818018F1E00B7CBCD /* SSOTests-Info.plist */ = {isa = PBXFileReference; lastKnownFileType = text.plist.xml; path = "SSOTests-Info.plist"; sourceTree = "<group>"; };
		166DA36A18018F1E00B7CBCD /* en */ = {isa = PBXFileReference; lastKnownFileType = text.plist.strings; name = en; path = en.lproj/InfoPlist.strings; sourceTree = "<group>"; };
		166DA36C18018F1E00B7CBCD /* SSOTests.m */ = {isa = PBXFileReference; lastKnownFileType = sourcecode.c.objc; path = SSOTests.m; sourceTree = "<group>"; };
		166DA37618018F2B00B7CBCD /* Accounts.framework */ = {isa = PBXFileReference; lastKnownFileType = wrapper.framework; name = Accounts.framework; path = System/Library/Frameworks/Accounts.framework; sourceTree = SDKROOT; };
		166DA37818018F3B00B7CBCD /* fb.png */ = {isa = PBXFileReference; lastKnownFileType = image.png; path = fb.png; sourceTree = "<group>"; };
		166DA37918018F3B00B7CBCD /* twitter.png */ = {isa = PBXFileReference; lastKnownFileType = image.png; path = twitter.png; sourceTree = "<group>"; };
		166DA37A18018F3B00B7CBCD /* Icon.png */ = {isa = PBXFileReference; lastKnownFileType = image.png; path = Icon.png; sourceTree = "<group>"; };
		166DA37B18018F3B00B7CBCD /* Icon@2x.png */ = {isa = PBXFileReference; lastKnownFileType = image.png; path = "Icon@2x.png"; sourceTree = "<group>"; };
		166DA37C18018F3B00B7CBCD /* YDAppDelegate.h */ = {isa = PBXFileReference; fileEncoding = 4; lastKnownFileType = sourcecode.c.h; path = YDAppDelegate.h; sourceTree = "<group>"; };
		166DA37D18018F3B00B7CBCD /* YDAppDelegate.m */ = {isa = PBXFileReference; fileEncoding = 4; lastKnownFileType = sourcecode.c.objc; path = YDAppDelegate.m; sourceTree = "<group>"; };
		166DA37E18018F3B00B7CBCD /* YDViewController.h */ = {isa = PBXFileReference; fileEncoding = 4; lastKnownFileType = sourcecode.c.h; path = YDViewController.h; sourceTree = "<group>"; };
		166DA37F18018F3B00B7CBCD /* YDViewController.m */ = {isa = PBXFileReference; fileEncoding = 4; lastKnownFileType = sourcecode.c.objc; path = YDViewController.m; sourceTree = "<group>"; };
		166DA38018018F3B00B7CBCD /* YDViewController.xib */ = {isa = PBXFileReference; fileEncoding = 4; lastKnownFileType = file.xib; path = YDViewController.xib; sourceTree = "<group>"; };
/* End PBXFileReference section */

/* Begin PBXFrameworksBuildPhase section */
		166DA33B18018F1E00B7CBCD /* Frameworks */ = {
			isa = PBXFrameworksBuildPhase;
			buildActionMask = 2147483647;
			files = (
				166DA37718018F2B00B7CBCD /* Accounts.framework in Frameworks */,
				166DA34418018F1E00B7CBCD /* CoreGraphics.framework in Frameworks */,
				166DA34618018F1E00B7CBCD /* UIKit.framework in Frameworks */,
				166DA34218018F1E00B7CBCD /* Foundation.framework in Frameworks */,
			);
			runOnlyForDeploymentPostprocessing = 0;
		};
		166DA35C18018F1E00B7CBCD /* Frameworks */ = {
			isa = PBXFrameworksBuildPhase;
			buildActionMask = 2147483647;
			files = (
				166DA36118018F1E00B7CBCD /* XCTest.framework in Frameworks */,
				166DA36318018F1E00B7CBCD /* UIKit.framework in Frameworks */,
				166DA36218018F1E00B7CBCD /* Foundation.framework in Frameworks */,
			);
			runOnlyForDeploymentPostprocessing = 0;
		};
/* End PBXFrameworksBuildPhase section */

/* Begin PBXGroup section */
		166DA33518018F1E00B7CBCD = {
			isa = PBXGroup;
			children = (
				166DA34718018F1E00B7CBCD /* SSO */,
				166DA36618018F1E00B7CBCD /* SSOTests */,
				166DA34018018F1E00B7CBCD /* Frameworks */,
				166DA33F18018F1E00B7CBCD /* Products */,
			);
			sourceTree = "<group>";
		};
		166DA33F18018F1E00B7CBCD /* Products */ = {
			isa = PBXGroup;
			children = (
				166DA33E18018F1E00B7CBCD /* SSO.app */,
				166DA35F18018F1E00B7CBCD /* SSOTests.xctest */,
			);
			name = Products;
			sourceTree = "<group>";
		};
		166DA34018018F1E00B7CBCD /* Frameworks */ = {
			isa = PBXGroup;
			children = (
				166DA37618018F2B00B7CBCD /* Accounts.framework */,
				166DA34118018F1E00B7CBCD /* Foundation.framework */,
				166DA34318018F1E00B7CBCD /* CoreGraphics.framework */,
				166DA34518018F1E00B7CBCD /* UIKit.framework */,
				166DA36018018F1E00B7CBCD /* XCTest.framework */,
			);
			name = Frameworks;
			sourceTree = "<group>";
		};
		166DA34718018F1E00B7CBCD /* SSO */ = {
			isa = PBXGroup;
			children = (
				166DA37818018F3B00B7CBCD /* fb.png */,
				166DA37918018F3B00B7CBCD /* twitter.png */,
				166DA37A18018F3B00B7CBCD /* Icon.png */,
				166DA37B18018F3B00B7CBCD /* Icon@2x.png */,
				166DA37C18018F3B00B7CBCD /* YDAppDelegate.h */,
				166DA37D18018F3B00B7CBCD /* YDAppDelegate.m */,
				166DA37E18018F3B00B7CBCD /* YDViewController.h */,
				166DA37F18018F3B00B7CBCD /* YDViewController.m */,
				166DA38018018F3B00B7CBCD /* YDViewController.xib */,
				166DA35318018F1E00B7CBCD /* Main.storyboard */,
				166DA35918018F1E00B7CBCD /* Images.xcassets */,
				166DA34818018F1E00B7CBCD /* Supporting Files */,
			);
			path = SSO;
			sourceTree = "<group>";
		};
		166DA34818018F1E00B7CBCD /* Supporting Files */ = {
			isa = PBXGroup;
			children = (
				166DA34918018F1E00B7CBCD /* SSO-Info.plist */,
				166DA34A18018F1E00B7CBCD /* InfoPlist.strings */,
				166DA34D18018F1E00B7CBCD /* main.m */,
				166DA34F18018F1E00B7CBCD /* SSO-Prefix.pch */,
			);
			name = "Supporting Files";
			sourceTree = "<group>";
		};
		166DA36618018F1E00B7CBCD /* SSOTests */ = {
			isa = PBXGroup;
			children = (
				166DA36C18018F1E00B7CBCD /* SSOTests.m */,
				166DA36718018F1E00B7CBCD /* Supporting Files */,
			);
			path = SSOTests;
			sourceTree = "<group>";
		};
		166DA36718018F1E00B7CBCD /* Supporting Files */ = {
			isa = PBXGroup;
			children = (
				166DA36818018F1E00B7CBCD /* SSOTests-Info.plist */,
				166DA36918018F1E00B7CBCD /* InfoPlist.strings */,
			);
			name = "Supporting Files";
			sourceTree = "<group>";
		};
/* End PBXGroup section */

/* Begin PBXNativeTarget section */
		166DA33D18018F1E00B7CBCD /* SSO */ = {
			isa = PBXNativeTarget;
			buildConfigurationList = 166DA37018018F1E00B7CBCD /* Build configuration list for PBXNativeTarget "SSO" */;
			buildPhases = (
				166DA33A18018F1E00B7CBCD /* Sources */,
				166DA33B18018F1E00B7CBCD /* Frameworks */,
				166DA33C18018F1E00B7CBCD /* Resources */,
			);
			buildRules = (
			);
			dependencies = (
			);
			name = SSO;
			productName = SSO;
			productReference = 166DA33E18018F1E00B7CBCD /* SSO.app */;
			productType = "com.apple.product-type.application";
		};
		166DA35E18018F1E00B7CBCD /* SSOTests */ = {
			isa = PBXNativeTarget;
			buildConfigurationList = 166DA37318018F1E00B7CBCD /* Build configuration list for PBXNativeTarget "SSOTests" */;
			buildPhases = (
				166DA35B18018F1E00B7CBCD /* Sources */,
				166DA35C18018F1E00B7CBCD /* Frameworks */,
				166DA35D18018F1E00B7CBCD /* Resources */,
			);
			buildRules = (
			);
			dependencies = (
				166DA36518018F1E00B7CBCD /* PBXTargetDependency */,
			);
			name = SSOTests;
			productName = SSOTests;
			productReference = 166DA35F18018F1E00B7CBCD /* SSOTests.xctest */;
			productType = "com.apple.product-type.bundle.unit-test";
		};
/* End PBXNativeTarget section */

/* Begin PBXProject section */
		166DA33618018F1E00B7CBCD /* Project object */ = {
			isa = PBXProject;
			attributes = {
				CLASSPREFIX = YD;
				LastUpgradeCheck = 0500;
				ORGANIZATIONNAME = YourDeveloper;
				TargetAttributes = {
					166DA35E18018F1E00B7CBCD = {
						TestTargetID = 166DA33D18018F1E00B7CBCD;
					};
				};
			};
			buildConfigurationList = 166DA33918018F1E00B7CBCD /* Build configuration list for PBXProject "SSO" */;
			compatibilityVersion = "Xcode 3.2";
			developmentRegion = English;
			hasScannedForEncodings = 0;
			knownRegions = (
				en,
				Base,
			);
			mainGroup = 166DA33518018F1E00B7CBCD;
			productRefGroup = 166DA33F18018F1E00B7CBCD /* Products */;
			projectDirPath = "";
			projectRoot = "";
			targets = (
				166DA33D18018F1E00B7CBCD /* SSO */,
				166DA35E18018F1E00B7CBCD /* SSOTests */,
			);
		};
/* End PBXProject section */

/* Begin PBXResourcesBuildPhase section */
		166DA33C18018F1E00B7CBCD /* Resources */ = {
			isa = PBXResourcesBuildPhase;
			buildActionMask = 2147483647;
			files = (
				166DA38318018F3B00B7CBCD /* Icon.png in Resources */,
				166DA38718018F3B00B7CBCD /* YDViewController.xib in Resources */,
				166DA35A18018F1E00B7CBCD /* Images.xcassets in Resources */,
				166DA38418018F3B00B7CBCD /* Icon@2x.png in Resources */,
				166DA38118018F3B00B7CBCD /* fb.png in Resources */,
				166DA38218018F3B00B7CBCD /* twitter.png in Resources */,
				166DA34C18018F1E00B7CBCD /* InfoPlist.strings in Resources */,
				166DA35518018F1E00B7CBCD /* Main.storyboard in Resources */,
			);
			runOnlyForDeploymentPostprocessing = 0;
		};
		166DA35D18018F1E00B7CBCD /* Resources */ = {
			isa = PBXResourcesBuildPhase;
			buildActionMask = 2147483647;
			files = (
				166DA36B18018F1E00B7CBCD /* InfoPlist.strings in Resources */,
			);
			runOnlyForDeploymentPostprocessing = 0;
		};
/* End PBXResourcesBuildPhase section */

/* Begin PBXSourcesBuildPhase section */
		166DA33A18018F1E00B7CBCD /* Sources */ = {
			isa = PBXSourcesBuildPhase;
			buildActionMask = 2147483647;
			files = (
				166DA34E18018F1E00B7CBCD /* main.m in Sources */,
				166DA38618018F3B00B7CBCD /* YDViewController.m in Sources */,
				166DA38518018F3B00B7CBCD /* YDAppDelegate.m in Sources */,
			);
			runOnlyForDeploymentPostprocessing = 0;
		};
		166DA35B18018F1E00B7CBCD /* Sources */ = {
			isa = PBXSourcesBuildPhase;
			buildActionMask = 2147483647;
			files = (
				166DA36D18018F1E00B7CBCD /* SSOTests.m in Sources */,
			);
			runOnlyForDeploymentPostprocessing = 0;
		};
/* End PBXSourcesBuildPhase section */

/* Begin PBXTargetDependency section */
		166DA36518018F1E00B7CBCD /* PBXTargetDependency */ = {
			isa = PBXTargetDependency;
			target = 166DA33D18018F1E00B7CBCD /* SSO */;
			targetProxy = 166DA36418018F1E00B7CBCD /* PBXContainerItemProxy */;
		};
/* End PBXTargetDependency section */

/* Begin PBXVariantGroup section */
		166DA34A18018F1E00B7CBCD /* InfoPlist.strings */ = {
			isa = PBXVariantGroup;
			children = (
				166DA34B18018F1E00B7CBCD /* en */,
			);
			name = InfoPlist.strings;
			sourceTree = "<group>";
		};
		166DA35318018F1E00B7CBCD /* Main.storyboard */ = {
			isa = PBXVariantGroup;
			children = (
				166DA35418018F1E00B7CBCD /* Base */,
			);
			name = Main.storyboard;
			sourceTree = "<group>";
		};
		166DA36918018F1E00B7CBCD /* InfoPlist.strings */ = {
			isa = PBXVariantGroup;
			children = (
				166DA36A18018F1E00B7CBCD /* en */,
			);
			name = InfoPlist.strings;
			sourceTree = "<group>";
		};
/* End PBXVariantGroup section */

/* Begin XCBuildConfiguration section */
		166DA36E18018F1E00B7CBCD /* Debug */ = {
			isa = XCBuildConfiguration;
			buildSettings = {
				ALWAYS_SEARCH_USER_PATHS = NO;
				ARCHS = "$(ARCHS_STANDARD_INCLUDING_64_BIT)";
				CLANG_CXX_LANGUAGE_STANDARD = "gnu++0x";
				CLANG_CXX_LIBRARY = "libc++";
				CLANG_ENABLE_MODULES = YES;
				CLANG_ENABLE_OBJC_ARC = YES;
				CLANG_WARN_BOOL_CONVERSION = YES;
				CLANG_WARN_CONSTANT_CONVERSION = YES;
				CLANG_WARN_DIRECT_OBJC_ISA_USAGE = YES_ERROR;
				CLANG_WARN_EMPTY_BODY = YES;
				CLANG_WARN_ENUM_CONVERSION = YES;
				CLANG_WARN_INT_CONVERSION = YES;
				CLANG_WARN_OBJC_ROOT_CLASS = YES_ERROR;
				CLANG_WARN__DUPLICATE_METHOD_MATCH = YES;
				"CODE_SIGN_IDENTITY[sdk=iphoneos*]" = "iPhone Developer";
				COPY_PHASE_STRIP = NO;
				GCC_C_LANGUAGE_STANDARD = gnu99;
				GCC_DYNAMIC_NO_PIC = NO;
				GCC_OPTIMIZATION_LEVEL = 0;
				GCC_PREPROCESSOR_DEFINITIONS = (
					"DEBUG=1",
					"$(inherited)",
				);
				GCC_SYMBOLS_PRIVATE_EXTERN = NO;
				GCC_WARN_64_TO_32_BIT_CONVERSION = YES;
				GCC_WARN_ABOUT_RETURN_TYPE = YES_ERROR;
				GCC_WARN_UNDECLARED_SELECTOR = YES;
				GCC_WARN_UNINITIALIZED_AUTOS = YES;
				GCC_WARN_UNUSED_FUNCTION = YES;
				GCC_WARN_UNUSED_VARIABLE = YES;
				IPHONEOS_DEPLOYMENT_TARGET = 7.0;
				ONLY_ACTIVE_ARCH = YES;
				SDKROOT = iphoneos;
			};
			name = Debug;
		};
		166DA36F18018F1E00B7CBCD /* Release */ = {
			isa = XCBuildConfiguration;
			buildSettings = {
				ALWAYS_SEARCH_USER_PATHS = NO;
				ARCHS = "$(ARCHS_STANDARD_INCLUDING_64_BIT)";
				CLANG_CXX_LANGUAGE_STANDARD = "gnu++0x";
				CLANG_CXX_LIBRARY = "libc++";
				CLANG_ENABLE_MODULES = YES;
				CLANG_ENABLE_OBJC_ARC = YES;
				CLANG_WARN_BOOL_CONVERSION = YES;
				CLANG_WARN_CONSTANT_CONVERSION = YES;
				CLANG_WARN_DIRECT_OBJC_ISA_USAGE = YES_ERROR;
				CLANG_WARN_EMPTY_BODY = YES;
				CLANG_WARN_ENUM_CONVERSION = YES;
				CLANG_WARN_INT_CONVERSION = YES;
				CLANG_WARN_OBJC_ROOT_CLASS = YES_ERROR;
				CLANG_WARN__DUPLICATE_METHOD_MATCH = YES;
				"CODE_SIGN_IDENTITY[sdk=iphoneos*]" = "iPhone Developer";
				COPY_PHASE_STRIP = YES;
				ENABLE_NS_ASSERTIONS = NO;
				GCC_C_LANGUAGE_STANDARD = gnu99;
				GCC_WARN_64_TO_32_BIT_CONVERSION = YES;
				GCC_WARN_ABOUT_RETURN_TYPE = YES_ERROR;
				GCC_WARN_UNDECLARED_SELECTOR = YES;
				GCC_WARN_UNINITIALIZED_AUTOS = YES;
				GCC_WARN_UNUSED_FUNCTION = YES;
				GCC_WARN_UNUSED_VARIABLE = YES;
				IPHONEOS_DEPLOYMENT_TARGET = 7.0;
				SDKROOT = iphoneos;
				VALIDATE_PRODUCT = YES;
			};
			name = Release;
		};
		166DA37118018F1E00B7CBCD /* Debug */ = {
			isa = XCBuildConfiguration;
			buildSettings = {
				ASSETCATALOG_COMPILER_APPICON_NAME = AppIcon;
				ASSETCATALOG_COMPILER_LAUNCHIMAGE_NAME = LaunchImage;
				GCC_PRECOMPILE_PREFIX_HEADER = YES;
				GCC_PREFIX_HEADER = "SSO/SSO-Prefix.pch";
				INFOPLIST_FILE = "SSO/SSO-Info.plist";
				PRODUCT_NAME = "$(TARGET_NAME)";
				WRAPPER_EXTENSION = app;
			};
			name = Debug;
		};
		166DA37218018F1E00B7CBCD /* Release */ = {
			isa = XCBuildConfiguration;
			buildSettings = {
				ASSETCATALOG_COMPILER_APPICON_NAME = AppIcon;
				ASSETCATALOG_COMPILER_LAUNCHIMAGE_NAME = LaunchImage;
				GCC_PRECOMPILE_PREFIX_HEADER = YES;
				GCC_PREFIX_HEADER = "SSO/SSO-Prefix.pch";
				INFOPLIST_FILE = "SSO/SSO-Info.plist";
				PRODUCT_NAME = "$(TARGET_NAME)";
				WRAPPER_EXTENSION = app;
			};
			name = Release;
		};
		166DA37418018F1E00B7CBCD /* Debug */ = {
			isa = XCBuildConfiguration;
			buildSettings = {
				ARCHS = "$(ARCHS_STANDARD_INCLUDING_64_BIT)";
				BUNDLE_LOADER = "$(BUILT_PRODUCTS_DIR)/SSO.app/SSO";
				FRAMEWORK_SEARCH_PATHS = (
					"$(SDKROOT)/Developer/Library/Frameworks",
					"$(inherited)",
					"$(DEVELOPER_FRAMEWORKS_DIR)",
				);
				GCC_PRECOMPILE_PREFIX_HEADER = YES;
				GCC_PREFIX_HEADER = "SSO/SSO-Prefix.pch";
				GCC_PREPROCESSOR_DEFINITIONS = (
					"DEBUG=1",
					"$(inherited)",
				);
				INFOPLIST_FILE = "SSOTests/SSOTests-Info.plist";
				PRODUCT_NAME = "$(TARGET_NAME)";
				TEST_HOST = "$(BUNDLE_LOADER)";
				WRAPPER_EXTENSION = xctest;
			};
			name = Debug;
		};
		166DA37518018F1E00B7CBCD /* Release */ = {
			isa = XCBuildConfiguration;
			buildSettings = {
				ARCHS = "$(ARCHS_STANDARD_INCLUDING_64_BIT)";
				BUNDLE_LOADER = "$(BUILT_PRODUCTS_DIR)/SSO.app/SSO";
				FRAMEWORK_SEARCH_PATHS = (
					"$(SDKROOT)/Developer/Library/Frameworks",
					"$(inherited)",
					"$(DEVELOPER_FRAMEWORKS_DIR)",
				);
				GCC_PRECOMPILE_PREFIX_HEADER = YES;
				GCC_PREFIX_HEADER = "SSO/SSO-Prefix.pch";
				INFOPLIST_FILE = "SSOTests/SSOTests-Info.plist";
				PRODUCT_NAME = "$(TARGET_NAME)";
				TEST_HOST = "$(BUNDLE_LOADER)";
				WRAPPER_EXTENSION = xctest;
			};
			name = Release;
		};
/* End XCBuildConfiguration section */

/* Begin XCConfigurationList section */
		166DA33918018F1E00B7CBCD /* Build configuration list for PBXProject "SSO" */ = {
			isa = XCConfigurationList;
			buildConfigurations = (
				166DA36E18018F1E00B7CBCD /* Debug */,
				166DA36F18018F1E00B7CBCD /* Release */,
			);
			defaultConfigurationIsVisible = 0;
			defaultConfigurationName = Release;
		};
		166DA37018018F1E00B7CBCD /* Build configuration list for PBXNativeTarget "SSO" */ = {
			isa = XCConfigurationList;
			buildConfigurations = (
				166DA37118018F1E00B7CBCD /* Debug */,
				166DA37218018F1E00B7CBCD /* Release */,
			);
			defaultConfigurationIsVisible = 0;
		};
		166DA37318018F1E00B7CBCD /* Build configuration list for PBXNativeTarget "SSOTests" */ = {
			isa = XCConfigurationList;
			buildConfigurations = (
				166DA37418018F1E00B7CBCD /* Debug */,
				166DA37518018F1E00B7CBCD /* Release */,
			);
			defaultConfigurationIsVisible = 0;
		};
/* End XCConfigurationList section */
	};
	rootObject = 166DA33618018F1E00B7CBCD /* Project object */;
}
