// !$*UTF8*$!
{
	archiveVersion = 1;
	classes = {
	};
	objectVersion = 46;
	objects = {

/* Begin PBXBuildFile section */
		164D3D4D18001E4C00369013 /* Foundation.framework in Frameworks */ = {isa = PBXBuildFile; fileRef = 164D3D4C18001E4C00369013 /* Foundation.framework */; };
		164D3D4F18001E4C00369013 /* CoreGraphics.framework in Frameworks */ = {isa = PBXBuildFile; fileRef = 164D3D4E18001E4C00369013 /* CoreGraphics.framework */; };
		164D3D5118001E4C00369013 /* UIKit.framework in Frameworks */ = {isa = PBXBuildFile; fileRef = 164D3D5018001E4C00369013 /* UIKit.framework */; };
		164D3D5718001E4C00369013 /* InfoPlist.strings in Resources */ = {isa = PBXBuildFile; fileRef = 164D3D5518001E4C00369013 /* InfoPlist.strings */; };
		164D3D5918001E4C00369013 /* main.m in Sources */ = {isa = PBXBuildFile; fileRef = 164D3D5818001E4C00369013 /* main.m */; };
		164D3D6018001E4C00369013 /* Main.storyboard in Resources */ = {isa = PBXBuildFile; fileRef = 164D3D5E18001E4C00369013 /* Main.storyboard */; };
		164D3D6518001E4C00369013 /* Images.xcassets in Resources */ = {isa = PBXBuildFile; fileRef = 164D3D6418001E4C00369013 /* Images.xcassets */; };
		164D3D6C18001E4C00369013 /* XCTest.framework in Frameworks */ = {isa = PBXBuildFile; fileRef = 164D3D6B18001E4C00369013 /* XCTest.framework */; };
		164D3D6D18001E4C00369013 /* Foundation.framework in Frameworks */ = {isa = PBXBuildFile; fileRef = 164D3D4C18001E4C00369013 /* Foundation.framework */; };
		164D3D6E18001E4C00369013 /* UIKit.framework in Frameworks */ = {isa = PBXBuildFile; fileRef = 164D3D5018001E4C00369013 /* UIKit.framework */; };
		164D3D7618001E4C00369013 /* InfoPlist.strings in Resources */ = {isa = PBXBuildFile; fileRef = 164D3D7418001E4C00369013 /* InfoPlist.strings */; };
		164D3D7818001E4C00369013 /* SecureSoapTests.m in Sources */ = {isa = PBXBuildFile; fileRef = 164D3D7718001E4C00369013 /* SecureSoapTests.m */; };
		164D3D8A18001E6000369013 /* Icon.png in Resources */ = {isa = PBXBuildFile; fileRef = 164D3D8118001E6000369013 /* Icon.png */; };
		164D3D8B18001E6000369013 /* Icon@2x.png in Resources */ = {isa = PBXBuildFile; fileRef = 164D3D8218001E6000369013 /* Icon@2x.png */; };
		164D3D8C18001E6000369013 /* URLRequest.m in Sources */ = {isa = PBXBuildFile; fileRef = 164D3D8418001E6000369013 /* URLRequest.m */; };
		164D3D8D18001E6000369013 /* YDAppDelegate.m in Sources */ = {isa = PBXBuildFile; fileRef = 164D3D8618001E6000369013 /* YDAppDelegate.m */; };
		164D3D8E18001E6000369013 /* YDViewController.m in Sources */ = {isa = PBXBuildFile; fileRef = 164D3D8818001E6000369013 /* YDViewController.m */; };
		164D3D8F18001E6000369013 /* YDViewController.xib in Resources */ = {isa = PBXBuildFile; fileRef = 164D3D8918001E6000369013 /* YDViewController.xib */; };
/* End PBXBuildFile section */

/* Begin PBXContainerItemProxy section */
		164D3D6F18001E4C00369013 /* PBXContainerItemProxy */ = {
			isa = PBXContainerItemProxy;
			containerPortal = 164D3D4118001E4C00369013 /* Project object */;
			proxyType = 1;
			remoteGlobalIDString = 164D3D4818001E4C00369013;
			remoteInfo = SecureSoap;
		};
/* End PBXContainerItemProxy section */

/* Begin PBXFileReference section */
		164D3D4918001E4C00369013 /* SecureSoap.app */ = {isa = PBXFileReference; explicitFileType = wrapper.application; includeInIndex = 0; path = SecureSoap.app; sourceTree = BUILT_PRODUCTS_DIR; };
		164D3D4C18001E4C00369013 /* Foundation.framework */ = {isa = PBXFileReference; lastKnownFileType = wrapper.framework; name = Foundation.framework; path = System/Library/Frameworks/Foundation.framework; sourceTree = SDKROOT; };
		164D3D4E18001E4C00369013 /* CoreGraphics.framework */ = {isa = PBXFileReference; lastKnownFileType = wrapper.framework; name = CoreGraphics.framework; path = System/Library/Frameworks/CoreGraphics.framework; sourceTree = SDKROOT; };
		164D3D5018001E4C00369013 /* UIKit.framework */ = {isa = PBXFileReference; lastKnownFileType = wrapper.framework; name = UIKit.framework; path = System/Library/Frameworks/UIKit.framework; sourceTree = SDKROOT; };
		164D3D5418001E4C00369013 /* SecureSoap-Info.plist */ = {isa = PBXFileReference; lastKnownFileType = text.plist.xml; path = "SecureSoap-Info.plist"; sourceTree = "<group>"; };
		164D3D5618001E4C00369013 /* en */ = {isa = PBXFileReference; lastKnownFileType = text.plist.strings; name = en; path = en.lproj/InfoPlist.strings; sourceTree = "<group>"; };
		164D3D5818001E4C00369013 /* main.m */ = {isa = PBXFileReference; lastKnownFileType = sourcecode.c.objc; path = main.m; sourceTree = "<group>"; };
		164D3D5A18001E4C00369013 /* SecureSoap-Prefix.pch */ = {isa = PBXFileReference; lastKnownFileType = sourcecode.c.h; path = "SecureSoap-Prefix.pch"; sourceTree = "<group>"; };
		164D3D5F18001E4C00369013 /* Base */ = {isa = PBXFileReference; lastKnownFileType = file.storyboard; name = Base; path = Base.lproj/Main.storyboard; sourceTree = "<group>"; };
		164D3D6418001E4C00369013 /* Images.xcassets */ = {isa = PBXFileReference; lastKnownFileType = folder.assetcatalog; path = Images.xcassets; sourceTree = "<group>"; };
		164D3D6A18001E4C00369013 /* SecureSoapTests.xctest */ = {isa = PBXFileReference; explicitFileType = wrapper.cfbundle; includeInIndex = 0; path = SecureSoapTests.xctest; sourceTree = BUILT_PRODUCTS_DIR; };
		164D3D6B18001E4C00369013 /* XCTest.framework */ = {isa = PBXFileReference; lastKnownFileType = wrapper.framework; name = XCTest.framework; path = Library/Frameworks/XCTest.framework; sourceTree = DEVELOPER_DIR; };
		164D3D7318001E4C00369013 /* SecureSoapTests-Info.plist */ = {isa = PBXFileReference; lastKnownFileType = text.plist.xml; path = "SecureSoapTests-Info.plist"; sourceTree = "<group>"; };
		164D3D7518001E4C00369013 /* en */ = {isa = PBXFileReference; lastKnownFileType = text.plist.strings; name = en; path = en.lproj/InfoPlist.strings; sourceTree = "<group>"; };
		164D3D7718001E4C00369013 /* SecureSoapTests.m */ = {isa = PBXFileReference; lastKnownFileType = sourcecode.c.objc; path = SecureSoapTests.m; sourceTree = "<group>"; };
		164D3D8118001E6000369013 /* Icon.png */ = {isa = PBXFileReference; lastKnownFileType = image.png; path = Icon.png; sourceTree = "<group>"; };
		164D3D8218001E6000369013 /* Icon@2x.png */ = {isa = PBXFileReference; lastKnownFileType = image.png; path = "Icon@2x.png"; sourceTree = "<group>"; };
		164D3D8318001E6000369013 /* URLRequest.h */ = {isa = PBXFileReference; fileEncoding = 4; lastKnownFileType = sourcecode.c.h; path = URLRequest.h; sourceTree = "<group>"; };
		164D3D8418001E6000369013 /* URLRequest.m */ = {isa = PBXFileReference; fileEncoding = 4; lastKnownFileType = sourcecode.c.objc; path = URLRequest.m; sourceTree = "<group>"; };
		164D3D8518001E6000369013 /* YDAppDelegate.h */ = {isa = PBXFileReference; fileEncoding = 4; lastKnownFileType = sourcecode.c.h; path = YDAppDelegate.h; sourceTree = "<group>"; };
		164D3D8618001E6000369013 /* YDAppDelegate.m */ = {isa = PBXFileReference; fileEncoding = 4; lastKnownFileType = sourcecode.c.objc; path = YDAppDelegate.m; sourceTree = "<group>"; };
		164D3D8718001E6000369013 /* YDViewController.h */ = {isa = PBXFileReference; fileEncoding = 4; lastKnownFileType = sourcecode.c.h; path = YDViewController.h; sourceTree = "<group>"; };
		164D3D8818001E6000369013 /* YDViewController.m */ = {isa = PBXFileReference; fileEncoding = 4; lastKnownFileType = sourcecode.c.objc; path = YDViewController.m; sourceTree = "<group>"; };
		164D3D8918001E6000369013 /* YDViewController.xib */ = {isa = PBXFileReference; fileEncoding = 4; lastKnownFileType = file.xib; path = YDViewController.xib; sourceTree = "<group>"; };
/* End PBXFileReference section */

/* Begin PBXFrameworksBuildPhase section */
		164D3D4618001E4C00369013 /* Frameworks */ = {
			isa = PBXFrameworksBuildPhase;
			buildActionMask = 2147483647;
			files = (
				164D3D4F18001E4C00369013 /* CoreGraphics.framework in Frameworks */,
				164D3D5118001E4C00369013 /* UIKit.framework in Frameworks */,
				164D3D4D18001E4C00369013 /* Foundation.framework in Frameworks */,
			);
			runOnlyForDeploymentPostprocessing = 0;
		};
		164D3D6718001E4C00369013 /* Frameworks */ = {
			isa = PBXFrameworksBuildPhase;
			buildActionMask = 2147483647;
			files = (
				164D3D6C18001E4C00369013 /* XCTest.framework in Frameworks */,
				164D3D6E18001E4C00369013 /* UIKit.framework in Frameworks */,
				164D3D6D18001E4C00369013 /* Foundation.framework in Frameworks */,
			);
			runOnlyForDeploymentPostprocessing = 0;
		};
/* End PBXFrameworksBuildPhase section */

/* Begin PBXGroup section */
		164D3D4018001E4C00369013 = {
			isa = PBXGroup;
			children = (
				164D3D5218001E4C00369013 /* SecureSoap */,
				164D3D7118001E4C00369013 /* SecureSoapTests */,
				164D3D4B18001E4C00369013 /* Frameworks */,
				164D3D4A18001E4C00369013 /* Products */,
			);
			sourceTree = "<group>";
		};
		164D3D4A18001E4C00369013 /* Products */ = {
			isa = PBXGroup;
			children = (
				164D3D4918001E4C00369013 /* SecureSoap.app */,
				164D3D6A18001E4C00369013 /* SecureSoapTests.xctest */,
			);
			name = Products;
			sourceTree = "<group>";
		};
		164D3D4B18001E4C00369013 /* Frameworks */ = {
			isa = PBXGroup;
			children = (
				164D3D4C18001E4C00369013 /* Foundation.framework */,
				164D3D4E18001E4C00369013 /* CoreGraphics.framework */,
				164D3D5018001E4C00369013 /* UIKit.framework */,
				164D3D6B18001E4C00369013 /* XCTest.framework */,
			);
			name = Frameworks;
			sourceTree = "<group>";
		};
		164D3D5218001E4C00369013 /* SecureSoap */ = {
			isa = PBXGroup;
			children = (
				164D3D8118001E6000369013 /* Icon.png */,
				164D3D8218001E6000369013 /* Icon@2x.png */,
				164D3D8318001E6000369013 /* URLRequest.h */,
				164D3D8418001E6000369013 /* URLRequest.m */,
				164D3D8518001E6000369013 /* YDAppDelegate.h */,
				164D3D8618001E6000369013 /* YDAppDelegate.m */,
				164D3D8718001E6000369013 /* YDViewController.h */,
				164D3D8818001E6000369013 /* YDViewController.m */,
				164D3D8918001E6000369013 /* YDViewController.xib */,
				164D3D5E18001E4C00369013 /* Main.storyboard */,
				164D3D6418001E4C00369013 /* Images.xcassets */,
				164D3D5318001E4C00369013 /* Supporting Files */,
			);
			path = SecureSoap;
			sourceTree = "<group>";
		};
		164D3D5318001E4C00369013 /* Supporting Files */ = {
			isa = PBXGroup;
			children = (
				164D3D5418001E4C00369013 /* SecureSoap-Info.plist */,
				164D3D5518001E4C00369013 /* InfoPlist.strings */,
				164D3D5818001E4C00369013 /* main.m */,
				164D3D5A18001E4C00369013 /* SecureSoap-Prefix.pch */,
			);
			name = "Supporting Files";
			sourceTree = "<group>";
		};
		164D3D7118001E4C00369013 /* SecureSoapTests */ = {
			isa = PBXGroup;
			children = (
				164D3D7718001E4C00369013 /* SecureSoapTests.m */,
				164D3D7218001E4C00369013 /* Supporting Files */,
			);
			path = SecureSoapTests;
			sourceTree = "<group>";
		};
		164D3D7218001E4C00369013 /* Supporting Files */ = {
			isa = PBXGroup;
			children = (
				164D3D7318001E4C00369013 /* SecureSoapTests-Info.plist */,
				164D3D7418001E4C00369013 /* InfoPlist.strings */,
			);
			name = "Supporting Files";
			sourceTree = "<group>";
		};
/* End PBXGroup section */

/* Begin PBXNativeTarget section */
		164D3D4818001E4C00369013 /* SecureSoap */ = {
			isa = PBXNativeTarget;
			buildConfigurationList = 164D3D7B18001E4C00369013 /* Build configuration list for PBXNativeTarget "SecureSoap" */;
			buildPhases = (
				164D3D4518001E4C00369013 /* Sources */,
				164D3D4618001E4C00369013 /* Frameworks */,
				164D3D4718001E4C00369013 /* Resources */,
			);
			buildRules = (
			);
			dependencies = (
			);
			name = SecureSoap;
			productName = SecureSoap;
			productReference = 164D3D4918001E4C00369013 /* SecureSoap.app */;
			productType = "com.apple.product-type.application";
		};
		164D3D6918001E4C00369013 /* SecureSoapTests */ = {
			isa = PBXNativeTarget;
			buildConfigurationList = 164D3D7E18001E4C00369013 /* Build configuration list for PBXNativeTarget "SecureSoapTests" */;
			buildPhases = (
				164D3D6618001E4C00369013 /* Sources */,
				164D3D6718001E4C00369013 /* Frameworks */,
				164D3D6818001E4C00369013 /* Resources */,
			);
			buildRules = (
			);
			dependencies = (
				164D3D7018001E4C00369013 /* PBXTargetDependency */,
			);
			name = SecureSoapTests;
			productName = SecureSoapTests;
			productReference = 164D3D6A18001E4C00369013 /* SecureSoapTests.xctest */;
			productType = "com.apple.product-type.bundle.unit-test";
		};
/* End PBXNativeTarget section */

/* Begin PBXProject section */
		164D3D4118001E4C00369013 /* Project object */ = {
			isa = PBXProject;
			attributes = {
				CLASSPREFIX = YD;
				LastUpgradeCheck = 0500;
				ORGANIZATIONNAME = YourDeveloper;
				TargetAttributes = {
					164D3D6918001E4C00369013 = {
						TestTargetID = 164D3D4818001E4C00369013;
					};
				};
			};
			buildConfigurationList = 164D3D4418001E4C00369013 /* Build configuration list for PBXProject "SecureSoap" */;
			compatibilityVersion = "Xcode 3.2";
			developmentRegion = English;
			hasScannedForEncodings = 0;
			knownRegions = (
				en,
				Base,
			);
			mainGroup = 164D3D4018001E4C00369013;
			productRefGroup = 164D3D4A18001E4C00369013 /* Products */;
			projectDirPath = "";
			projectRoot = "";
			targets = (
				164D3D4818001E4C00369013 /* SecureSoap */,
				164D3D6918001E4C00369013 /* SecureSoapTests */,
			);
		};
/* End PBXProject section */

/* Begin PBXResourcesBuildPhase section */
		164D3D4718001E4C00369013 /* Resources */ = {
			isa = PBXResourcesBuildPhase;
			buildActionMask = 2147483647;
			files = (
				164D3D8A18001E6000369013 /* Icon.png in Resources */,
				164D3D6518001E4C00369013 /* Images.xcassets in Resources */,
				164D3D5718001E4C00369013 /* InfoPlist.strings in Resources */,
				164D3D6018001E4C00369013 /* Main.storyboard in Resources */,
				164D3D8B18001E6000369013 /* Icon@2x.png in Resources */,
				164D3D8F18001E6000369013 /* YDViewController.xib in Resources */,
			);
			runOnlyForDeploymentPostprocessing = 0;
		};
		164D3D6818001E4C00369013 /* Resources */ = {
			isa = PBXResourcesBuildPhase;
			buildActionMask = 2147483647;
			files = (
				164D3D7618001E4C00369013 /* InfoPlist.strings in Resources */,
			);
			runOnlyForDeploymentPostprocessing = 0;
		};
/* End PBXResourcesBuildPhase section */

/* Begin PBXSourcesBuildPhase section */
		164D3D4518001E4C00369013 /* Sources */ = {
			isa = PBXSourcesBuildPhase;
			buildActionMask = 2147483647;
			files = (
				164D3D5918001E4C00369013 /* main.m in Sources */,
				164D3D8E18001E6000369013 /* YDViewController.m in Sources */,
				164D3D8D18001E6000369013 /* YDAppDelegate.m in Sources */,
				164D3D8C18001E6000369013 /* URLRequest.m in Sources */,
			);
			runOnlyForDeploymentPostprocessing = 0;
		};
		164D3D6618001E4C00369013 /* Sources */ = {
			isa = PBXSourcesBuildPhase;
			buildActionMask = 2147483647;
			files = (
				164D3D7818001E4C00369013 /* SecureSoapTests.m in Sources */,
			);
			runOnlyForDeploymentPostprocessing = 0;
		};
/* End PBXSourcesBuildPhase section */

/* Begin PBXTargetDependency section */
		164D3D7018001E4C00369013 /* PBXTargetDependency */ = {
			isa = PBXTargetDependency;
			target = 164D3D4818001E4C00369013 /* SecureSoap */;
			targetProxy = 164D3D6F18001E4C00369013 /* PBXContainerItemProxy */;
		};
/* End PBXTargetDependency section */

/* Begin PBXVariantGroup section */
		164D3D5518001E4C00369013 /* InfoPlist.strings */ = {
			isa = PBXVariantGroup;
			children = (
				164D3D5618001E4C00369013 /* en */,
			);
			name = InfoPlist.strings;
			sourceTree = "<group>";
		};
		164D3D5E18001E4C00369013 /* Main.storyboard */ = {
			isa = PBXVariantGroup;
			children = (
				164D3D5F18001E4C00369013 /* Base */,
			);
			name = Main.storyboard;
			sourceTree = "<group>";
		};
		164D3D7418001E4C00369013 /* InfoPlist.strings */ = {
			isa = PBXVariantGroup;
			children = (
				164D3D7518001E4C00369013 /* en */,
			);
			name = InfoPlist.strings;
			sourceTree = "<group>";
		};
/* End PBXVariantGroup section */

/* Begin XCBuildConfiguration section */
		164D3D7918001E4C00369013 /* Debug */ = {
			isa = XCBuildConfiguration;
			buildSettings = {
				ALWAYS_SEARCH_USER_PATHS = NO;
				ARCHS = "$(ARCHS_STANDARD_INCLUDING_64_BIT)";
				CLANG_CXX_LANGUAGE_STANDARD = "gnu++0x";
				CLANG_CXX_LIBRARY = "libc++";
				CLANG_ENABLE_MODULES = YES;
				CLANG_ENABLE_OBJC_ARC = YES;
				CLANG_WARN_BOOL_CONVERSION = YES;
				CLANG_WARN_CONSTANT_CONVERSION = YES;
				CLANG_WARN_DIRECT_OBJC_ISA_USAGE = YES_ERROR;
				CLANG_WARN_EMPTY_BODY = YES;
				CLANG_WARN_ENUM_CONVERSION = YES;
				CLANG_WARN_INT_CONVERSION = YES;
				CLANG_WARN_OBJC_ROOT_CLASS = YES_ERROR;
				CLANG_WARN__DUPLICATE_METHOD_MATCH = YES;
				"CODE_SIGN_IDENTITY[sdk=iphoneos*]" = "iPhone Developer";
				COPY_PHASE_STRIP = NO;
				GCC_C_LANGUAGE_STANDARD = gnu99;
				GCC_DYNAMIC_NO_PIC = NO;
				GCC_OPTIMIZATION_LEVEL = 0;
				GCC_PREPROCESSOR_DEFINITIONS = (
					"DEBUG=1",
					"$(inherited)",
				);
				GCC_SYMBOLS_PRIVATE_EXTERN = NO;
				GCC_WARN_64_TO_32_BIT_CONVERSION = YES;
				GCC_WARN_ABOUT_RETURN_TYPE = YES_ERROR;
				GCC_WARN_UNDECLARED_SELECTOR = YES;
				GCC_WARN_UNINITIALIZED_AUTOS = YES;
				GCC_WARN_UNUSED_FUNCTION = YES;
				GCC_WARN_UNUSED_VARIABLE = YES;
				IPHONEOS_DEPLOYMENT_TARGET = 7.0;
				ONLY_ACTIVE_ARCH = YES;
				SDKROOT = iphoneos;
			};
			name = Debug;
		};
		164D3D7A18001E4C00369013 /* Release */ = {
			isa = XCBuildConfiguration;
			buildSettings = {
				ALWAYS_SEARCH_USER_PATHS = NO;
				ARCHS = "$(ARCHS_STANDARD_INCLUDING_64_BIT)";
				CLANG_CXX_LANGUAGE_STANDARD = "gnu++0x";
				CLANG_CXX_LIBRARY = "libc++";
				CLANG_ENABLE_MODULES = YES;
				CLANG_ENABLE_OBJC_ARC = YES;
				CLANG_WARN_BOOL_CONVERSION = YES;
				CLANG_WARN_CONSTANT_CONVERSION = YES;
				CLANG_WARN_DIRECT_OBJC_ISA_USAGE = YES_ERROR;
				CLANG_WARN_EMPTY_BODY = YES;
				CLANG_WARN_ENUM_CONVERSION = YES;
				CLANG_WARN_INT_CONVERSION = YES;
				CLANG_WARN_OBJC_ROOT_CLASS = YES_ERROR;
				CLANG_WARN__DUPLICATE_METHOD_MATCH = YES;
				"CODE_SIGN_IDENTITY[sdk=iphoneos*]" = "iPhone Developer";
				COPY_PHASE_STRIP = YES;
				ENABLE_NS_ASSERTIONS = NO;
				GCC_C_LANGUAGE_STANDARD = gnu99;
				GCC_WARN_64_TO_32_BIT_CONVERSION = YES;
				GCC_WARN_ABOUT_RETURN_TYPE = YES_ERROR;
				GCC_WARN_UNDECLARED_SELECTOR = YES;
				GCC_WARN_UNINITIALIZED_AUTOS = YES;
				GCC_WARN_UNUSED_FUNCTION = YES;
				GCC_WARN_UNUSED_VARIABLE = YES;
				IPHONEOS_DEPLOYMENT_TARGET = 7.0;
				SDKROOT = iphoneos;
				VALIDATE_PRODUCT = YES;
			};
			name = Release;
		};
		164D3D7C18001E4C00369013 /* Debug */ = {
			isa = XCBuildConfiguration;
			buildSettings = {
				ASSETCATALOG_COMPILER_APPICON_NAME = AppIcon;
				ASSETCATALOG_COMPILER_LAUNCHIMAGE_NAME = LaunchImage;
				GCC_PRECOMPILE_PREFIX_HEADER = YES;
				GCC_PREFIX_HEADER = "SecureSoap/SecureSoap-Prefix.pch";
				INFOPLIST_FILE = "SecureSoap/SecureSoap-Info.plist";
				PRODUCT_NAME = "$(TARGET_NAME)";
				WRAPPER_EXTENSION = app;
			};
			name = Debug;
		};
		164D3D7D18001E4C00369013 /* Release */ = {
			isa = XCBuildConfiguration;
			buildSettings = {
				ASSETCATALOG_COMPILER_APPICON_NAME = AppIcon;
				ASSETCATALOG_COMPILER_LAUNCHIMAGE_NAME = LaunchImage;
				GCC_PRECOMPILE_PREFIX_HEADER = YES;
				GCC_PREFIX_HEADER = "SecureSoap/SecureSoap-Prefix.pch";
				INFOPLIST_FILE = "SecureSoap/SecureSoap-Info.plist";
				PRODUCT_NAME = "$(TARGET_NAME)";
				WRAPPER_EXTENSION = app;
			};
			name = Release;
		};
		164D3D7F18001E4C00369013 /* Debug */ = {
			isa = XCBuildConfiguration;
			buildSettings = {
				ARCHS = "$(ARCHS_STANDARD_INCLUDING_64_BIT)";
				BUNDLE_LOADER = "$(BUILT_PRODUCTS_DIR)/SecureSoap.app/SecureSoap";
				FRAMEWORK_SEARCH_PATHS = (
					"$(SDKROOT)/Developer/Library/Frameworks",
					"$(inherited)",
					"$(DEVELOPER_FRAMEWORKS_DIR)",
				);
				GCC_PRECOMPILE_PREFIX_HEADER = YES;
				GCC_PREFIX_HEADER = "SecureSoap/SecureSoap-Prefix.pch";
				GCC_PREPROCESSOR_DEFINITIONS = (
					"DEBUG=1",
					"$(inherited)",
				);
				INFOPLIST_FILE = "SecureSoapTests/SecureSoapTests-Info.plist";
				PRODUCT_NAME = "$(TARGET_NAME)";
				TEST_HOST = "$(BUNDLE_LOADER)";
				WRAPPER_EXTENSION = xctest;
			};
			name = Debug;
		};
		164D3D8018001E4C00369013 /* Release */ = {
			isa = XCBuildConfiguration;
			buildSettings = {
				ARCHS = "$(ARCHS_STANDARD_INCLUDING_64_BIT)";
				BUNDLE_LOADER = "$(BUILT_PRODUCTS_DIR)/SecureSoap.app/SecureSoap";
				FRAMEWORK_SEARCH_PATHS = (
					"$(SDKROOT)/Developer/Library/Frameworks",
					"$(inherited)",
					"$(DEVELOPER_FRAMEWORKS_DIR)",
				);
				GCC_PRECOMPILE_PREFIX_HEADER = YES;
				GCC_PREFIX_HEADER = "SecureSoap/SecureSoap-Prefix.pch";
				INFOPLIST_FILE = "SecureSoapTests/SecureSoapTests-Info.plist";
				PRODUCT_NAME = "$(TARGET_NAME)";
				TEST_HOST = "$(BUNDLE_LOADER)";
				WRAPPER_EXTENSION = xctest;
			};
			name = Release;
		};
/* End XCBuildConfiguration section */

/* Begin XCConfigurationList section */
		164D3D4418001E4C00369013 /* Build configuration list for PBXProject "SecureSoap" */ = {
			isa = XCConfigurationList;
			buildConfigurations = (
				164D3D7918001E4C00369013 /* Debug */,
				164D3D7A18001E4C00369013 /* Release */,
			);
			defaultConfigurationIsVisible = 0;
			defaultConfigurationName = Release;
		};
		164D3D7B18001E4C00369013 /* Build configuration list for PBXNativeTarget "SecureSoap" */ = {
			isa = XCConfigurationList;
			buildConfigurations = (
				164D3D7C18001E4C00369013 /* Debug */,
				164D3D7D18001E4C00369013 /* Release */,
			);
			defaultConfigurationIsVisible = 0;
		};
		164D3D7E18001E4C00369013 /* Build configuration list for PBXNativeTarget "SecureSoapTests" */ = {
			isa = XCConfigurationList;
			buildConfigurations = (
				164D3D7F18001E4C00369013 /* Debug */,
				164D3D8018001E4C00369013 /* Release */,
			);
			defaultConfigurationIsVisible = 0;
		};
/* End XCConfigurationList section */
	};
	rootObject = 164D3D4118001E4C00369013 /* Project object */;
}
