// !$*UTF8*$!
{
	archiveVersion = 1;
	classes = {
	};
	objectVersion = 46;
	objects = {

/* Begin PBXBuildFile section */
		164D3BFD180018CF00369013 /* Foundation.framework in Frameworks */ = {isa = PBXBuildFile; fileRef = 164D3BFC180018CF00369013 /* Foundation.framework */; };
		164D3BFF180018CF00369013 /* CoreGraphics.framework in Frameworks */ = {isa = PBXBuildFile; fileRef = 164D3BFE180018CF00369013 /* CoreGraphics.framework */; };
		164D3C01180018CF00369013 /* UIKit.framework in Frameworks */ = {isa = PBXBuildFile; fileRef = 164D3C00180018CF00369013 /* UIKit.framework */; };
		164D3C07180018CF00369013 /* InfoPlist.strings in Resources */ = {isa = PBXBuildFile; fileRef = 164D3C05180018CF00369013 /* InfoPlist.strings */; };
		164D3C09180018CF00369013 /* main.m in Sources */ = {isa = PBXBuildFile; fileRef = 164D3C08180018CF00369013 /* main.m */; };
		164D3C10180018CF00369013 /* Main.storyboard in Resources */ = {isa = PBXBuildFile; fileRef = 164D3C0E180018CF00369013 /* Main.storyboard */; };
		164D3C15180018CF00369013 /* Images.xcassets in Resources */ = {isa = PBXBuildFile; fileRef = 164D3C14180018CF00369013 /* Images.xcassets */; };
		164D3C1C180018D000369013 /* XCTest.framework in Frameworks */ = {isa = PBXBuildFile; fileRef = 164D3C1B180018D000369013 /* XCTest.framework */; };
		164D3C1D180018D000369013 /* Foundation.framework in Frameworks */ = {isa = PBXBuildFile; fileRef = 164D3BFC180018CF00369013 /* Foundation.framework */; };
		164D3C1E180018D000369013 /* UIKit.framework in Frameworks */ = {isa = PBXBuildFile; fileRef = 164D3C00180018CF00369013 /* UIKit.framework */; };
		164D3C26180018D000369013 /* InfoPlist.strings in Resources */ = {isa = PBXBuildFile; fileRef = 164D3C24180018D000369013 /* InfoPlist.strings */; };
		164D3C28180018D000369013 /* RSSReaderTests.m in Sources */ = {isa = PBXBuildFile; fileRef = 164D3C27180018D000369013 /* RSSReaderTests.m */; };
		164D3C3A180018E800369013 /* Icon.png in Resources */ = {isa = PBXBuildFile; fileRef = 164D3C31180018E800369013 /* Icon.png */; };
		164D3C3B180018E800369013 /* Icon@2x.png in Resources */ = {isa = PBXBuildFile; fileRef = 164D3C32180018E800369013 /* Icon@2x.png */; };
		164D3C3C180018E800369013 /* URLRequest.m in Sources */ = {isa = PBXBuildFile; fileRef = 164D3C34180018E800369013 /* URLRequest.m */; };
		164D3C3D180018E800369013 /* YDAppDelegate.m in Sources */ = {isa = PBXBuildFile; fileRef = 164D3C36180018E800369013 /* YDAppDelegate.m */; };
		164D3C3E180018E800369013 /* YDViewController.m in Sources */ = {isa = PBXBuildFile; fileRef = 164D3C38180018E800369013 /* YDViewController.m */; };
		164D3C3F180018E800369013 /* YDViewController.xib in Resources */ = {isa = PBXBuildFile; fileRef = 164D3C39180018E800369013 /* YDViewController.xib */; };
/* End PBXBuildFile section */

/* Begin PBXContainerItemProxy section */
		164D3C1F180018D000369013 /* PBXContainerItemProxy */ = {
			isa = PBXContainerItemProxy;
			containerPortal = 164D3BF1180018CF00369013 /* Project object */;
			proxyType = 1;
			remoteGlobalIDString = 164D3BF8180018CF00369013;
			remoteInfo = RSSReader;
		};
/* End PBXContainerItemProxy section */

/* Begin PBXFileReference section */
		164D3BF9180018CF00369013 /* RSSReader.app */ = {isa = PBXFileReference; explicitFileType = wrapper.application; includeInIndex = 0; path = RSSReader.app; sourceTree = BUILT_PRODUCTS_DIR; };
		164D3BFC180018CF00369013 /* Foundation.framework */ = {isa = PBXFileReference; lastKnownFileType = wrapper.framework; name = Foundation.framework; path = System/Library/Frameworks/Foundation.framework; sourceTree = SDKROOT; };
		164D3BFE180018CF00369013 /* CoreGraphics.framework */ = {isa = PBXFileReference; lastKnownFileType = wrapper.framework; name = CoreGraphics.framework; path = System/Library/Frameworks/CoreGraphics.framework; sourceTree = SDKROOT; };
		164D3C00180018CF00369013 /* UIKit.framework */ = {isa = PBXFileReference; lastKnownFileType = wrapper.framework; name = UIKit.framework; path = System/Library/Frameworks/UIKit.framework; sourceTree = SDKROOT; };
		164D3C04180018CF00369013 /* RSSReader-Info.plist */ = {isa = PBXFileReference; lastKnownFileType = text.plist.xml; path = "RSSReader-Info.plist"; sourceTree = "<group>"; };
		164D3C06180018CF00369013 /* en */ = {isa = PBXFileReference; lastKnownFileType = text.plist.strings; name = en; path = en.lproj/InfoPlist.strings; sourceTree = "<group>"; };
		164D3C08180018CF00369013 /* main.m */ = {isa = PBXFileReference; lastKnownFileType = sourcecode.c.objc; path = main.m; sourceTree = "<group>"; };
		164D3C0A180018CF00369013 /* RSSReader-Prefix.pch */ = {isa = PBXFileReference; lastKnownFileType = sourcecode.c.h; path = "RSSReader-Prefix.pch"; sourceTree = "<group>"; };
		164D3C0F180018CF00369013 /* Base */ = {isa = PBXFileReference; lastKnownFileType = file.storyboard; name = Base; path = Base.lproj/Main.storyboard; sourceTree = "<group>"; };
		164D3C14180018CF00369013 /* Images.xcassets */ = {isa = PBXFileReference; lastKnownFileType = folder.assetcatalog; path = Images.xcassets; sourceTree = "<group>"; };
		164D3C1A180018D000369013 /* RSSReaderTests.xctest */ = {isa = PBXFileReference; explicitFileType = wrapper.cfbundle; includeInIndex = 0; path = RSSReaderTests.xctest; sourceTree = BUILT_PRODUCTS_DIR; };
		164D3C1B180018D000369013 /* XCTest.framework */ = {isa = PBXFileReference; lastKnownFileType = wrapper.framework; name = XCTest.framework; path = Library/Frameworks/XCTest.framework; sourceTree = DEVELOPER_DIR; };
		164D3C23180018D000369013 /* RSSReaderTests-Info.plist */ = {isa = PBXFileReference; lastKnownFileType = text.plist.xml; path = "RSSReaderTests-Info.plist"; sourceTree = "<group>"; };
		164D3C25180018D000369013 /* en */ = {isa = PBXFileReference; lastKnownFileType = text.plist.strings; name = en; path = en.lproj/InfoPlist.strings; sourceTree = "<group>"; };
		164D3C27180018D000369013 /* RSSReaderTests.m */ = {isa = PBXFileReference; lastKnownFileType = sourcecode.c.objc; path = RSSReaderTests.m; sourceTree = "<group>"; };
		164D3C31180018E800369013 /* Icon.png */ = {isa = PBXFileReference; lastKnownFileType = image.png; path = Icon.png; sourceTree = "<group>"; };
		164D3C32180018E800369013 /* Icon@2x.png */ = {isa = PBXFileReference; lastKnownFileType = image.png; path = "Icon@2x.png"; sourceTree = "<group>"; };
		164D3C33180018E800369013 /* URLRequest.h */ = {isa = PBXFileReference; fileEncoding = 4; lastKnownFileType = sourcecode.c.h; path = URLRequest.h; sourceTree = "<group>"; };
		164D3C34180018E800369013 /* URLRequest.m */ = {isa = PBXFileReference; fileEncoding = 4; lastKnownFileType = sourcecode.c.objc; path = URLRequest.m; sourceTree = "<group>"; };
		164D3C35180018E800369013 /* YDAppDelegate.h */ = {isa = PBXFileReference; fileEncoding = 4; lastKnownFileType = sourcecode.c.h; path = YDAppDelegate.h; sourceTree = "<group>"; };
		164D3C36180018E800369013 /* YDAppDelegate.m */ = {isa = PBXFileReference; fileEncoding = 4; lastKnownFileType = sourcecode.c.objc; path = YDAppDelegate.m; sourceTree = "<group>"; };
		164D3C37180018E800369013 /* YDViewController.h */ = {isa = PBXFileReference; fileEncoding = 4; lastKnownFileType = sourcecode.c.h; path = YDViewController.h; sourceTree = "<group>"; };
		164D3C38180018E800369013 /* YDViewController.m */ = {isa = PBXFileReference; fileEncoding = 4; lastKnownFileType = sourcecode.c.objc; path = YDViewController.m; sourceTree = "<group>"; };
		164D3C39180018E800369013 /* YDViewController.xib */ = {isa = PBXFileReference; fileEncoding = 4; lastKnownFileType = file.xib; path = YDViewController.xib; sourceTree = "<group>"; };
/* End PBXFileReference section */

/* Begin PBXFrameworksBuildPhase section */
		164D3BF6180018CF00369013 /* Frameworks */ = {
			isa = PBXFrameworksBuildPhase;
			buildActionMask = 2147483647;
			files = (
				164D3BFF180018CF00369013 /* CoreGraphics.framework in Frameworks */,
				164D3C01180018CF00369013 /* UIKit.framework in Frameworks */,
				164D3BFD180018CF00369013 /* Foundation.framework in Frameworks */,
			);
			runOnlyForDeploymentPostprocessing = 0;
		};
		164D3C17180018D000369013 /* Frameworks */ = {
			isa = PBXFrameworksBuildPhase;
			buildActionMask = 2147483647;
			files = (
				164D3C1C180018D000369013 /* XCTest.framework in Frameworks */,
				164D3C1E180018D000369013 /* UIKit.framework in Frameworks */,
				164D3C1D180018D000369013 /* Foundation.framework in Frameworks */,
			);
			runOnlyForDeploymentPostprocessing = 0;
		};
/* End PBXFrameworksBuildPhase section */

/* Begin PBXGroup section */
		164D3BF0180018CF00369013 = {
			isa = PBXGroup;
			children = (
				164D3C02180018CF00369013 /* RSSReader */,
				164D3C21180018D000369013 /* RSSReaderTests */,
				164D3BFB180018CF00369013 /* Frameworks */,
				164D3BFA180018CF00369013 /* Products */,
			);
			sourceTree = "<group>";
		};
		164D3BFA180018CF00369013 /* Products */ = {
			isa = PBXGroup;
			children = (
				164D3BF9180018CF00369013 /* RSSReader.app */,
				164D3C1A180018D000369013 /* RSSReaderTests.xctest */,
			);
			name = Products;
			sourceTree = "<group>";
		};
		164D3BFB180018CF00369013 /* Frameworks */ = {
			isa = PBXGroup;
			children = (
				164D3BFC180018CF00369013 /* Foundation.framework */,
				164D3BFE180018CF00369013 /* CoreGraphics.framework */,
				164D3C00180018CF00369013 /* UIKit.framework */,
				164D3C1B180018D000369013 /* XCTest.framework */,
			);
			name = Frameworks;
			sourceTree = "<group>";
		};
		164D3C02180018CF00369013 /* RSSReader */ = {
			isa = PBXGroup;
			children = (
				164D3C31180018E800369013 /* Icon.png */,
				164D3C32180018E800369013 /* Icon@2x.png */,
				164D3C33180018E800369013 /* URLRequest.h */,
				164D3C34180018E800369013 /* URLRequest.m */,
				164D3C35180018E800369013 /* YDAppDelegate.h */,
				164D3C36180018E800369013 /* YDAppDelegate.m */,
				164D3C37180018E800369013 /* YDViewController.h */,
				164D3C38180018E800369013 /* YDViewController.m */,
				164D3C39180018E800369013 /* YDViewController.xib */,
				164D3C0E180018CF00369013 /* Main.storyboard */,
				164D3C14180018CF00369013 /* Images.xcassets */,
				164D3C03180018CF00369013 /* Supporting Files */,
			);
			path = RSSReader;
			sourceTree = "<group>";
		};
		164D3C03180018CF00369013 /* Supporting Files */ = {
			isa = PBXGroup;
			children = (
				164D3C04180018CF00369013 /* RSSReader-Info.plist */,
				164D3C05180018CF00369013 /* InfoPlist.strings */,
				164D3C08180018CF00369013 /* main.m */,
				164D3C0A180018CF00369013 /* RSSReader-Prefix.pch */,
			);
			name = "Supporting Files";
			sourceTree = "<group>";
		};
		164D3C21180018D000369013 /* RSSReaderTests */ = {
			isa = PBXGroup;
			children = (
				164D3C27180018D000369013 /* RSSReaderTests.m */,
				164D3C22180018D000369013 /* Supporting Files */,
			);
			path = RSSReaderTests;
			sourceTree = "<group>";
		};
		164D3C22180018D000369013 /* Supporting Files */ = {
			isa = PBXGroup;
			children = (
				164D3C23180018D000369013 /* RSSReaderTests-Info.plist */,
				164D3C24180018D000369013 /* InfoPlist.strings */,
			);
			name = "Supporting Files";
			sourceTree = "<group>";
		};
/* End PBXGroup section */

/* Begin PBXNativeTarget section */
		164D3BF8180018CF00369013 /* RSSReader */ = {
			isa = PBXNativeTarget;
			buildConfigurationList = 164D3C2B180018D000369013 /* Build configuration list for PBXNativeTarget "RSSReader" */;
			buildPhases = (
				164D3BF5180018CF00369013 /* Sources */,
				164D3BF6180018CF00369013 /* Frameworks */,
				164D3BF7180018CF00369013 /* Resources */,
			);
			buildRules = (
			);
			dependencies = (
			);
			name = RSSReader;
			productName = RSSReader;
			productReference = 164D3BF9180018CF00369013 /* RSSReader.app */;
			productType = "com.apple.product-type.application";
		};
		164D3C19180018D000369013 /* RSSReaderTests */ = {
			isa = PBXNativeTarget;
			buildConfigurationList = 164D3C2E180018D000369013 /* Build configuration list for PBXNativeTarget "RSSReaderTests" */;
			buildPhases = (
				164D3C16180018D000369013 /* Sources */,
				164D3C17180018D000369013 /* Frameworks */,
				164D3C18180018D000369013 /* Resources */,
			);
			buildRules = (
			);
			dependencies = (
				164D3C20180018D000369013 /* PBXTargetDependency */,
			);
			name = RSSReaderTests;
			productName = RSSReaderTests;
			productReference = 164D3C1A180018D000369013 /* RSSReaderTests.xctest */;
			productType = "com.apple.product-type.bundle.unit-test";
		};
/* End PBXNativeTarget section */

/* Begin PBXProject section */
		164D3BF1180018CF00369013 /* Project object */ = {
			isa = PBXProject;
			attributes = {
				CLASSPREFIX = YD;
				LastUpgradeCheck = 0500;
				ORGANIZATIONNAME = YourDeveloper;
				TargetAttributes = {
					164D3C19180018D000369013 = {
						TestTargetID = 164D3BF8180018CF00369013;
					};
				};
			};
			buildConfigurationList = 164D3BF4180018CF00369013 /* Build configuration list for PBXProject "RSSReader" */;
			compatibilityVersion = "Xcode 3.2";
			developmentRegion = English;
			hasScannedForEncodings = 0;
			knownRegions = (
				en,
				Base,
			);
			mainGroup = 164D3BF0180018CF00369013;
			productRefGroup = 164D3BFA180018CF00369013 /* Products */;
			projectDirPath = "";
			projectRoot = "";
			targets = (
				164D3BF8180018CF00369013 /* RSSReader */,
				164D3C19180018D000369013 /* RSSReaderTests */,
			);
		};
/* End PBXProject section */

/* Begin PBXResourcesBuildPhase section */
		164D3BF7180018CF00369013 /* Resources */ = {
			isa = PBXResourcesBuildPhase;
			buildActionMask = 2147483647;
			files = (
				164D3C3A180018E800369013 /* Icon.png in Resources */,
				164D3C15180018CF00369013 /* Images.xcassets in Resources */,
				164D3C07180018CF00369013 /* InfoPlist.strings in Resources */,
				164D3C10180018CF00369013 /* Main.storyboard in Resources */,
				164D3C3B180018E800369013 /* Icon@2x.png in Resources */,
				164D3C3F180018E800369013 /* YDViewController.xib in Resources */,
			);
			runOnlyForDeploymentPostprocessing = 0;
		};
		164D3C18180018D000369013 /* Resources */ = {
			isa = PBXResourcesBuildPhase;
			buildActionMask = 2147483647;
			files = (
				164D3C26180018D000369013 /* InfoPlist.strings in Resources */,
			);
			runOnlyForDeploymentPostprocessing = 0;
		};
/* End PBXResourcesBuildPhase section */

/* Begin PBXSourcesBuildPhase section */
		164D3BF5180018CF00369013 /* Sources */ = {
			isa = PBXSourcesBuildPhase;
			buildActionMask = 2147483647;
			files = (
				164D3C09180018CF00369013 /* main.m in Sources */,
				164D3C3E180018E800369013 /* YDViewController.m in Sources */,
				164D3C3D180018E800369013 /* YDAppDelegate.m in Sources */,
				164D3C3C180018E800369013 /* URLRequest.m in Sources */,
			);
			runOnlyForDeploymentPostprocessing = 0;
		};
		164D3C16180018D000369013 /* Sources */ = {
			isa = PBXSourcesBuildPhase;
			buildActionMask = 2147483647;
			files = (
				164D3C28180018D000369013 /* RSSReaderTests.m in Sources */,
			);
			runOnlyForDeploymentPostprocessing = 0;
		};
/* End PBXSourcesBuildPhase section */

/* Begin PBXTargetDependency section */
		164D3C20180018D000369013 /* PBXTargetDependency */ = {
			isa = PBXTargetDependency;
			target = 164D3BF8180018CF00369013 /* RSSReader */;
			targetProxy = 164D3C1F180018D000369013 /* PBXContainerItemProxy */;
		};
/* End PBXTargetDependency section */

/* Begin PBXVariantGroup section */
		164D3C05180018CF00369013 /* InfoPlist.strings */ = {
			isa = PBXVariantGroup;
			children = (
				164D3C06180018CF00369013 /* en */,
			);
			name = InfoPlist.strings;
			sourceTree = "<group>";
		};
		164D3C0E180018CF00369013 /* Main.storyboard */ = {
			isa = PBXVariantGroup;
			children = (
				164D3C0F180018CF00369013 /* Base */,
			);
			name = Main.storyboard;
			sourceTree = "<group>";
		};
		164D3C24180018D000369013 /* InfoPlist.strings */ = {
			isa = PBXVariantGroup;
			children = (
				164D3C25180018D000369013 /* en */,
			);
			name = InfoPlist.strings;
			sourceTree = "<group>";
		};
/* End PBXVariantGroup section */

/* Begin XCBuildConfiguration section */
		164D3C29180018D000369013 /* Debug */ = {
			isa = XCBuildConfiguration;
			buildSettings = {
				ALWAYS_SEARCH_USER_PATHS = NO;
				ARCHS = "$(ARCHS_STANDARD_INCLUDING_64_BIT)";
				CLANG_CXX_LANGUAGE_STANDARD = "gnu++0x";
				CLANG_CXX_LIBRARY = "libc++";
				CLANG_ENABLE_MODULES = YES;
				CLANG_ENABLE_OBJC_ARC = YES;
				CLANG_WARN_BOOL_CONVERSION = YES;
				CLANG_WARN_CONSTANT_CONVERSION = YES;
				CLANG_WARN_DIRECT_OBJC_ISA_USAGE = YES_ERROR;
				CLANG_WARN_EMPTY_BODY = YES;
				CLANG_WARN_ENUM_CONVERSION = YES;
				CLANG_WARN_INT_CONVERSION = YES;
				CLANG_WARN_OBJC_ROOT_CLASS = YES_ERROR;
				CLANG_WARN__DUPLICATE_METHOD_MATCH = YES;
				"CODE_SIGN_IDENTITY[sdk=iphoneos*]" = "iPhone Developer";
				COPY_PHASE_STRIP = NO;
				GCC_C_LANGUAGE_STANDARD = gnu99;
				GCC_DYNAMIC_NO_PIC = NO;
				GCC_OPTIMIZATION_LEVEL = 0;
				GCC_PREPROCESSOR_DEFINITIONS = (
					"DEBUG=1",
					"$(inherited)",
				);
				GCC_SYMBOLS_PRIVATE_EXTERN = NO;
				GCC_WARN_64_TO_32_BIT_CONVERSION = YES;
				GCC_WARN_ABOUT_RETURN_TYPE = YES_ERROR;
				GCC_WARN_UNDECLARED_SELECTOR = YES;
				GCC_WARN_UNINITIALIZED_AUTOS = YES;
				GCC_WARN_UNUSED_FUNCTION = YES;
				GCC_WARN_UNUSED_VARIABLE = YES;
				IPHONEOS_DEPLOYMENT_TARGET = 7.0;
				ONLY_ACTIVE_ARCH = YES;
				SDKROOT = iphoneos;
			};
			name = Debug;
		};
		164D3C2A180018D000369013 /* Release */ = {
			isa = XCBuildConfiguration;
			buildSettings = {
				ALWAYS_SEARCH_USER_PATHS = NO;
				ARCHS = "$(ARCHS_STANDARD_INCLUDING_64_BIT)";
				CLANG_CXX_LANGUAGE_STANDARD = "gnu++0x";
				CLANG_CXX_LIBRARY = "libc++";
				CLANG_ENABLE_MODULES = YES;
				CLANG_ENABLE_OBJC_ARC = YES;
				CLANG_WARN_BOOL_CONVERSION = YES;
				CLANG_WARN_CONSTANT_CONVERSION = YES;
				CLANG_WARN_DIRECT_OBJC_ISA_USAGE = YES_ERROR;
				CLANG_WARN_EMPTY_BODY = YES;
				CLANG_WARN_ENUM_CONVERSION = YES;
				CLANG_WARN_INT_CONVERSION = YES;
				CLANG_WARN_OBJC_ROOT_CLASS = YES_ERROR;
				CLANG_WARN__DUPLICATE_METHOD_MATCH = YES;
				"CODE_SIGN_IDENTITY[sdk=iphoneos*]" = "iPhone Developer";
				COPY_PHASE_STRIP = YES;
				ENABLE_NS_ASSERTIONS = NO;
				GCC_C_LANGUAGE_STANDARD = gnu99;
				GCC_WARN_64_TO_32_BIT_CONVERSION = YES;
				GCC_WARN_ABOUT_RETURN_TYPE = YES_ERROR;
				GCC_WARN_UNDECLARED_SELECTOR = YES;
				GCC_WARN_UNINITIALIZED_AUTOS = YES;
				GCC_WARN_UNUSED_FUNCTION = YES;
				GCC_WARN_UNUSED_VARIABLE = YES;
				IPHONEOS_DEPLOYMENT_TARGET = 7.0;
				SDKROOT = iphoneos;
				VALIDATE_PRODUCT = YES;
			};
			name = Release;
		};
		164D3C2C180018D000369013 /* Debug */ = {
			isa = XCBuildConfiguration;
			buildSettings = {
				ASSETCATALOG_COMPILER_APPICON_NAME = AppIcon;
				ASSETCATALOG_COMPILER_LAUNCHIMAGE_NAME = LaunchImage;
				GCC_PRECOMPILE_PREFIX_HEADER = YES;
				GCC_PREFIX_HEADER = "RSSReader/RSSReader-Prefix.pch";
				INFOPLIST_FILE = "RSSReader/RSSReader-Info.plist";
				PRODUCT_NAME = "$(TARGET_NAME)";
				WRAPPER_EXTENSION = app;
			};
			name = Debug;
		};
		164D3C2D180018D000369013 /* Release */ = {
			isa = XCBuildConfiguration;
			buildSettings = {
				ASSETCATALOG_COMPILER_APPICON_NAME = AppIcon;
				ASSETCATALOG_COMPILER_LAUNCHIMAGE_NAME = LaunchImage;
				GCC_PRECOMPILE_PREFIX_HEADER = YES;
				GCC_PREFIX_HEADER = "RSSReader/RSSReader-Prefix.pch";
				INFOPLIST_FILE = "RSSReader/RSSReader-Info.plist";
				PRODUCT_NAME = "$(TARGET_NAME)";
				WRAPPER_EXTENSION = app;
			};
			name = Release;
		};
		164D3C2F180018D000369013 /* Debug */ = {
			isa = XCBuildConfiguration;
			buildSettings = {
				ARCHS = "$(ARCHS_STANDARD_INCLUDING_64_BIT)";
				BUNDLE_LOADER = "$(BUILT_PRODUCTS_DIR)/RSSReader.app/RSSReader";
				FRAMEWORK_SEARCH_PATHS = (
					"$(SDKROOT)/Developer/Library/Frameworks",
					"$(inherited)",
					"$(DEVELOPER_FRAMEWORKS_DIR)",
				);
				GCC_PRECOMPILE_PREFIX_HEADER = YES;
				GCC_PREFIX_HEADER = "RSSReader/RSSReader-Prefix.pch";
				GCC_PREPROCESSOR_DEFINITIONS = (
					"DEBUG=1",
					"$(inherited)",
				);
				INFOPLIST_FILE = "RSSReaderTests/RSSReaderTests-Info.plist";
				PRODUCT_NAME = "$(TARGET_NAME)";
				TEST_HOST = "$(BUNDLE_LOADER)";
				WRAPPER_EXTENSION = xctest;
			};
			name = Debug;
		};
		164D3C30180018D000369013 /* Release */ = {
			isa = XCBuildConfiguration;
			buildSettings = {
				ARCHS = "$(ARCHS_STANDARD_INCLUDING_64_BIT)";
				BUNDLE_LOADER = "$(BUILT_PRODUCTS_DIR)/RSSReader.app/RSSReader";
				FRAMEWORK_SEARCH_PATHS = (
					"$(SDKROOT)/Developer/Library/Frameworks",
					"$(inherited)",
					"$(DEVELOPER_FRAMEWORKS_DIR)",
				);
				GCC_PRECOMPILE_PREFIX_HEADER = YES;
				GCC_PREFIX_HEADER = "RSSReader/RSSReader-Prefix.pch";
				INFOPLIST_FILE = "RSSReaderTests/RSSReaderTests-Info.plist";
				PRODUCT_NAME = "$(TARGET_NAME)";
				TEST_HOST = "$(BUNDLE_LOADER)";
				WRAPPER_EXTENSION = xctest;
			};
			name = Release;
		};
/* End XCBuildConfiguration section */

/* Begin XCConfigurationList section */
		164D3BF4180018CF00369013 /* Build configuration list for PBXProject "RSSReader" */ = {
			isa = XCConfigurationList;
			buildConfigurations = (
				164D3C29180018D000369013 /* Debug */,
				164D3C2A180018D000369013 /* Release */,
			);
			defaultConfigurationIsVisible = 0;
			defaultConfigurationName = Release;
		};
		164D3C2B180018D000369013 /* Build configuration list for PBXNativeTarget "RSSReader" */ = {
			isa = XCConfigurationList;
			buildConfigurations = (
				164D3C2C180018D000369013 /* Debug */,
				164D3C2D180018D000369013 /* Release */,
			);
			defaultConfigurationIsVisible = 0;
		};
		164D3C2E180018D000369013 /* Build configuration list for PBXNativeTarget "RSSReaderTests" */ = {
			isa = XCConfigurationList;
			buildConfigurations = (
				164D3C2F180018D000369013 /* Debug */,
				164D3C30180018D000369013 /* Release */,
			);
			defaultConfigurationIsVisible = 0;
		};
/* End XCConfigurationList section */
	};
	rootObject = 164D3BF1180018CF00369013 /* Project object */;
}
