// !$*UTF8*$!
{
	archiveVersion = 1;
	classes = {
	};
	objectVersion = 46;
	objects = {

/* Begin PBXBuildFile section */
		166DA1FC18018B4400B7CBCD /* Foundation.framework in Frameworks */ = {isa = PBXBuildFile; fileRef = 166DA1FB18018B4400B7CBCD /* Foundation.framework */; };
		166DA1FE18018B4400B7CBCD /* CoreGraphics.framework in Frameworks */ = {isa = PBXBuildFile; fileRef = 166DA1FD18018B4400B7CBCD /* CoreGraphics.framework */; };
		166DA20018018B4400B7CBCD /* UIKit.framework in Frameworks */ = {isa = PBXBuildFile; fileRef = 166DA1FF18018B4400B7CBCD /* UIKit.framework */; };
		166DA20618018B4400B7CBCD /* InfoPlist.strings in Resources */ = {isa = PBXBuildFile; fileRef = 166DA20418018B4400B7CBCD /* InfoPlist.strings */; };
		166DA20818018B4400B7CBCD /* main.m in Sources */ = {isa = PBXBuildFile; fileRef = 166DA20718018B4400B7CBCD /* main.m */; };
		166DA20F18018B4400B7CBCD /* Main.storyboard in Resources */ = {isa = PBXBuildFile; fileRef = 166DA20D18018B4400B7CBCD /* Main.storyboard */; };
		166DA21418018B4400B7CBCD /* Images.xcassets in Resources */ = {isa = PBXBuildFile; fileRef = 166DA21318018B4400B7CBCD /* Images.xcassets */; };
		166DA21B18018B4400B7CBCD /* XCTest.framework in Frameworks */ = {isa = PBXBuildFile; fileRef = 166DA21A18018B4400B7CBCD /* XCTest.framework */; };
		166DA21C18018B4400B7CBCD /* Foundation.framework in Frameworks */ = {isa = PBXBuildFile; fileRef = 166DA1FB18018B4400B7CBCD /* Foundation.framework */; };
		166DA21D18018B4400B7CBCD /* UIKit.framework in Frameworks */ = {isa = PBXBuildFile; fileRef = 166DA1FF18018B4400B7CBCD /* UIKit.framework */; };
		166DA22518018B4400B7CBCD /* InfoPlist.strings in Resources */ = {isa = PBXBuildFile; fileRef = 166DA22318018B4400B7CBCD /* InfoPlist.strings */; };
		166DA22718018B4400B7CBCD /* MyAccountsTests.m in Sources */ = {isa = PBXBuildFile; fileRef = 166DA22618018B4400B7CBCD /* MyAccountsTests.m */; };
		166DA23118018B5400B7CBCD /* Accounts.framework in Frameworks */ = {isa = PBXBuildFile; fileRef = 166DA23018018B5400B7CBCD /* Accounts.framework */; };
		166DA23918018B6600B7CBCD /* Icon.png in Resources */ = {isa = PBXBuildFile; fileRef = 166DA23218018B6600B7CBCD /* Icon.png */; };
		166DA23A18018B6600B7CBCD /* Icon@2x.png in Resources */ = {isa = PBXBuildFile; fileRef = 166DA23318018B6600B7CBCD /* Icon@2x.png */; };
		166DA23B18018B6600B7CBCD /* YDAppDelegate.m in Sources */ = {isa = PBXBuildFile; fileRef = 166DA23518018B6600B7CBCD /* YDAppDelegate.m */; };
		166DA23C18018B6600B7CBCD /* YDViewController.m in Sources */ = {isa = PBXBuildFile; fileRef = 166DA23718018B6600B7CBCD /* YDViewController.m */; };
		166DA23D18018B6600B7CBCD /* YDViewController.xib in Resources */ = {isa = PBXBuildFile; fileRef = 166DA23818018B6600B7CBCD /* YDViewController.xib */; };
/* End PBXBuildFile section */

/* Begin PBXContainerItemProxy section */
		166DA21E18018B4400B7CBCD /* PBXContainerItemProxy */ = {
			isa = PBXContainerItemProxy;
			containerPortal = 166DA1F018018B4400B7CBCD /* Project object */;
			proxyType = 1;
			remoteGlobalIDString = 166DA1F718018B4400B7CBCD;
			remoteInfo = MyAccounts;
		};
/* End PBXContainerItemProxy section */

/* Begin PBXFileReference section */
		166DA1F818018B4400B7CBCD /* MyAccounts.app */ = {isa = PBXFileReference; explicitFileType = wrapper.application; includeInIndex = 0; path = MyAccounts.app; sourceTree = BUILT_PRODUCTS_DIR; };
		166DA1FB18018B4400B7CBCD /* Foundation.framework */ = {isa = PBXFileReference; lastKnownFileType = wrapper.framework; name = Foundation.framework; path = System/Library/Frameworks/Foundation.framework; sourceTree = SDKROOT; };
		166DA1FD18018B4400B7CBCD /* CoreGraphics.framework */ = {isa = PBXFileReference; lastKnownFileType = wrapper.framework; name = CoreGraphics.framework; path = System/Library/Frameworks/CoreGraphics.framework; sourceTree = SDKROOT; };
		166DA1FF18018B4400B7CBCD /* UIKit.framework */ = {isa = PBXFileReference; lastKnownFileType = wrapper.framework; name = UIKit.framework; path = System/Library/Frameworks/UIKit.framework; sourceTree = SDKROOT; };
		166DA20318018B4400B7CBCD /* MyAccounts-Info.plist */ = {isa = PBXFileReference; lastKnownFileType = text.plist.xml; path = "MyAccounts-Info.plist"; sourceTree = "<group>"; };
		166DA20518018B4400B7CBCD /* en */ = {isa = PBXFileReference; lastKnownFileType = text.plist.strings; name = en; path = en.lproj/InfoPlist.strings; sourceTree = "<group>"; };
		166DA20718018B4400B7CBCD /* main.m */ = {isa = PBXFileReference; lastKnownFileType = sourcecode.c.objc; path = main.m; sourceTree = "<group>"; };
		166DA20918018B4400B7CBCD /* MyAccounts-Prefix.pch */ = {isa = PBXFileReference; lastKnownFileType = sourcecode.c.h; path = "MyAccounts-Prefix.pch"; sourceTree = "<group>"; };
		166DA20E18018B4400B7CBCD /* Base */ = {isa = PBXFileReference; lastKnownFileType = file.storyboard; name = Base; path = Base.lproj/Main.storyboard; sourceTree = "<group>"; };
		166DA21318018B4400B7CBCD /* Images.xcassets */ = {isa = PBXFileReference; lastKnownFileType = folder.assetcatalog; path = Images.xcassets; sourceTree = "<group>"; };
		166DA21918018B4400B7CBCD /* MyAccountsTests.xctest */ = {isa = PBXFileReference; explicitFileType = wrapper.cfbundle; includeInIndex = 0; path = MyAccountsTests.xctest; sourceTree = BUILT_PRODUCTS_DIR; };
		166DA21A18018B4400B7CBCD /* XCTest.framework */ = {isa = PBXFileReference; lastKnownFileType = wrapper.framework; name = XCTest.framework; path = Library/Frameworks/XCTest.framework; sourceTree = DEVELOPER_DIR; };
		166DA22218018B4400B7CBCD /* MyAccountsTests-Info.plist */ = {isa = PBXFileReference; lastKnownFileType = text.plist.xml; path = "MyAccountsTests-Info.plist"; sourceTree = "<group>"; };
		166DA22418018B4400B7CBCD /* en */ = {isa = PBXFileReference; lastKnownFileType = text.plist.strings; name = en; path = en.lproj/InfoPlist.strings; sourceTree = "<group>"; };
		166DA22618018B4400B7CBCD /* MyAccountsTests.m */ = {isa = PBXFileReference; lastKnownFileType = sourcecode.c.objc; path = MyAccountsTests.m; sourceTree = "<group>"; };
		166DA23018018B5400B7CBCD /* Accounts.framework */ = {isa = PBXFileReference; lastKnownFileType = wrapper.framework; name = Accounts.framework; path = System/Library/Frameworks/Accounts.framework; sourceTree = SDKROOT; };
		166DA23218018B6600B7CBCD /* Icon.png */ = {isa = PBXFileReference; lastKnownFileType = image.png; path = Icon.png; sourceTree = "<group>"; };
		166DA23318018B6600B7CBCD /* Icon@2x.png */ = {isa = PBXFileReference; lastKnownFileType = image.png; path = "Icon@2x.png"; sourceTree = "<group>"; };
		166DA23418018B6600B7CBCD /* YDAppDelegate.h */ = {isa = PBXFileReference; fileEncoding = 4; lastKnownFileType = sourcecode.c.h; path = YDAppDelegate.h; sourceTree = "<group>"; };
		166DA23518018B6600B7CBCD /* YDAppDelegate.m */ = {isa = PBXFileReference; fileEncoding = 4; lastKnownFileType = sourcecode.c.objc; path = YDAppDelegate.m; sourceTree = "<group>"; };
		166DA23618018B6600B7CBCD /* YDViewController.h */ = {isa = PBXFileReference; fileEncoding = 4; lastKnownFileType = sourcecode.c.h; path = YDViewController.h; sourceTree = "<group>"; };
		166DA23718018B6600B7CBCD /* YDViewController.m */ = {isa = PBXFileReference; fileEncoding = 4; lastKnownFileType = sourcecode.c.objc; path = YDViewController.m; sourceTree = "<group>"; };
		166DA23818018B6600B7CBCD /* YDViewController.xib */ = {isa = PBXFileReference; fileEncoding = 4; lastKnownFileType = file.xib; path = YDViewController.xib; sourceTree = "<group>"; };
/* End PBXFileReference section */

/* Begin PBXFrameworksBuildPhase section */
		166DA1F518018B4400B7CBCD /* Frameworks */ = {
			isa = PBXFrameworksBuildPhase;
			buildActionMask = 2147483647;
			files = (
				166DA23118018B5400B7CBCD /* Accounts.framework in Frameworks */,
				166DA1FE18018B4400B7CBCD /* CoreGraphics.framework in Frameworks */,
				166DA20018018B4400B7CBCD /* UIKit.framework in Frameworks */,
				166DA1FC18018B4400B7CBCD /* Foundation.framework in Frameworks */,
			);
			runOnlyForDeploymentPostprocessing = 0;
		};
		166DA21618018B4400B7CBCD /* Frameworks */ = {
			isa = PBXFrameworksBuildPhase;
			buildActionMask = 2147483647;
			files = (
				166DA21B18018B4400B7CBCD /* XCTest.framework in Frameworks */,
				166DA21D18018B4400B7CBCD /* UIKit.framework in Frameworks */,
				166DA21C18018B4400B7CBCD /* Foundation.framework in Frameworks */,
			);
			runOnlyForDeploymentPostprocessing = 0;
		};
/* End PBXFrameworksBuildPhase section */

/* Begin PBXGroup section */
		166DA1EF18018B4400B7CBCD = {
			isa = PBXGroup;
			children = (
				166DA20118018B4400B7CBCD /* MyAccounts */,
				166DA22018018B4400B7CBCD /* MyAccountsTests */,
				166DA1FA18018B4400B7CBCD /* Frameworks */,
				166DA1F918018B4400B7CBCD /* Products */,
			);
			sourceTree = "<group>";
		};
		166DA1F918018B4400B7CBCD /* Products */ = {
			isa = PBXGroup;
			children = (
				166DA1F818018B4400B7CBCD /* MyAccounts.app */,
				166DA21918018B4400B7CBCD /* MyAccountsTests.xctest */,
			);
			name = Products;
			sourceTree = "<group>";
		};
		166DA1FA18018B4400B7CBCD /* Frameworks */ = {
			isa = PBXGroup;
			children = (
				166DA23018018B5400B7CBCD /* Accounts.framework */,
				166DA1FB18018B4400B7CBCD /* Foundation.framework */,
				166DA1FD18018B4400B7CBCD /* CoreGraphics.framework */,
				166DA1FF18018B4400B7CBCD /* UIKit.framework */,
				166DA21A18018B4400B7CBCD /* XCTest.framework */,
			);
			name = Frameworks;
			sourceTree = "<group>";
		};
		166DA20118018B4400B7CBCD /* MyAccounts */ = {
			isa = PBXGroup;
			children = (
				166DA23218018B6600B7CBCD /* Icon.png */,
				166DA23318018B6600B7CBCD /* Icon@2x.png */,
				166DA23418018B6600B7CBCD /* YDAppDelegate.h */,
				166DA23518018B6600B7CBCD /* YDAppDelegate.m */,
				166DA23618018B6600B7CBCD /* YDViewController.h */,
				166DA23718018B6600B7CBCD /* YDViewController.m */,
				166DA23818018B6600B7CBCD /* YDViewController.xib */,
				166DA20D18018B4400B7CBCD /* Main.storyboard */,
				166DA21318018B4400B7CBCD /* Images.xcassets */,
				166DA20218018B4400B7CBCD /* Supporting Files */,
			);
			path = MyAccounts;
			sourceTree = "<group>";
		};
		166DA20218018B4400B7CBCD /* Supporting Files */ = {
			isa = PBXGroup;
			children = (
				166DA20318018B4400B7CBCD /* MyAccounts-Info.plist */,
				166DA20418018B4400B7CBCD /* InfoPlist.strings */,
				166DA20718018B4400B7CBCD /* main.m */,
				166DA20918018B4400B7CBCD /* MyAccounts-Prefix.pch */,
			);
			name = "Supporting Files";
			sourceTree = "<group>";
		};
		166DA22018018B4400B7CBCD /* MyAccountsTests */ = {
			isa = PBXGroup;
			children = (
				166DA22618018B4400B7CBCD /* MyAccountsTests.m */,
				166DA22118018B4400B7CBCD /* Supporting Files */,
			);
			path = MyAccountsTests;
			sourceTree = "<group>";
		};
		166DA22118018B4400B7CBCD /* Supporting Files */ = {
			isa = PBXGroup;
			children = (
				166DA22218018B4400B7CBCD /* MyAccountsTests-Info.plist */,
				166DA22318018B4400B7CBCD /* InfoPlist.strings */,
			);
			name = "Supporting Files";
			sourceTree = "<group>";
		};
/* End PBXGroup section */

/* Begin PBXNativeTarget section */
		166DA1F718018B4400B7CBCD /* MyAccounts */ = {
			isa = PBXNativeTarget;
			buildConfigurationList = 166DA22A18018B4400B7CBCD /* Build configuration list for PBXNativeTarget "MyAccounts" */;
			buildPhases = (
				166DA1F418018B4400B7CBCD /* Sources */,
				166DA1F518018B4400B7CBCD /* Frameworks */,
				166DA1F618018B4400B7CBCD /* Resources */,
			);
			buildRules = (
			);
			dependencies = (
			);
			name = MyAccounts;
			productName = MyAccounts;
			productReference = 166DA1F818018B4400B7CBCD /* MyAccounts.app */;
			productType = "com.apple.product-type.application";
		};
		166DA21818018B4400B7CBCD /* MyAccountsTests */ = {
			isa = PBXNativeTarget;
			buildConfigurationList = 166DA22D18018B4400B7CBCD /* Build configuration list for PBXNativeTarget "MyAccountsTests" */;
			buildPhases = (
				166DA21518018B4400B7CBCD /* Sources */,
				166DA21618018B4400B7CBCD /* Frameworks */,
				166DA21718018B4400B7CBCD /* Resources */,
			);
			buildRules = (
			);
			dependencies = (
				166DA21F18018B4400B7CBCD /* PBXTargetDependency */,
			);
			name = MyAccountsTests;
			productName = MyAccountsTests;
			productReference = 166DA21918018B4400B7CBCD /* MyAccountsTests.xctest */;
			productType = "com.apple.product-type.bundle.unit-test";
		};
/* End PBXNativeTarget section */

/* Begin PBXProject section */
		166DA1F018018B4400B7CBCD /* Project object */ = {
			isa = PBXProject;
			attributes = {
				CLASSPREFIX = YD;
				LastUpgradeCheck = 0500;
				ORGANIZATIONNAME = YourDeveloper;
				TargetAttributes = {
					166DA21818018B4400B7CBCD = {
						TestTargetID = 166DA1F718018B4400B7CBCD;
					};
				};
			};
			buildConfigurationList = 166DA1F318018B4400B7CBCD /* Build configuration list for PBXProject "MyAccounts" */;
			compatibilityVersion = "Xcode 3.2";
			developmentRegion = English;
			hasScannedForEncodings = 0;
			knownRegions = (
				en,
				Base,
			);
			mainGroup = 166DA1EF18018B4400B7CBCD;
			productRefGroup = 166DA1F918018B4400B7CBCD /* Products */;
			projectDirPath = "";
			projectRoot = "";
			targets = (
				166DA1F718018B4400B7CBCD /* MyAccounts */,
				166DA21818018B4400B7CBCD /* MyAccountsTests */,
			);
		};
/* End PBXProject section */

/* Begin PBXResourcesBuildPhase section */
		166DA1F618018B4400B7CBCD /* Resources */ = {
			isa = PBXResourcesBuildPhase;
			buildActionMask = 2147483647;
			files = (
				166DA23918018B6600B7CBCD /* Icon.png in Resources */,
				166DA21418018B4400B7CBCD /* Images.xcassets in Resources */,
				166DA20618018B4400B7CBCD /* InfoPlist.strings in Resources */,
				166DA20F18018B4400B7CBCD /* Main.storyboard in Resources */,
				166DA23A18018B6600B7CBCD /* Icon@2x.png in Resources */,
				166DA23D18018B6600B7CBCD /* YDViewController.xib in Resources */,
			);
			runOnlyForDeploymentPostprocessing = 0;
		};
		166DA21718018B4400B7CBCD /* Resources */ = {
			isa = PBXResourcesBuildPhase;
			buildActionMask = 2147483647;
			files = (
				166DA22518018B4400B7CBCD /* InfoPlist.strings in Resources */,
			);
			runOnlyForDeploymentPostprocessing = 0;
		};
/* End PBXResourcesBuildPhase section */

/* Begin PBXSourcesBuildPhase section */
		166DA1F418018B4400B7CBCD /* Sources */ = {
			isa = PBXSourcesBuildPhase;
			buildActionMask = 2147483647;
			files = (
				166DA20818018B4400B7CBCD /* main.m in Sources */,
				166DA23C18018B6600B7CBCD /* YDViewController.m in Sources */,
				166DA23B18018B6600B7CBCD /* YDAppDelegate.m in Sources */,
			);
			runOnlyForDeploymentPostprocessing = 0;
		};
		166DA21518018B4400B7CBCD /* Sources */ = {
			isa = PBXSourcesBuildPhase;
			buildActionMask = 2147483647;
			files = (
				166DA22718018B4400B7CBCD /* MyAccountsTests.m in Sources */,
			);
			runOnlyForDeploymentPostprocessing = 0;
		};
/* End PBXSourcesBuildPhase section */

/* Begin PBXTargetDependency section */
		166DA21F18018B4400B7CBCD /* PBXTargetDependency */ = {
			isa = PBXTargetDependency;
			target = 166DA1F718018B4400B7CBCD /* MyAccounts */;
			targetProxy = 166DA21E18018B4400B7CBCD /* PBXContainerItemProxy */;
		};
/* End PBXTargetDependency section */

/* Begin PBXVariantGroup section */
		166DA20418018B4400B7CBCD /* InfoPlist.strings */ = {
			isa = PBXVariantGroup;
			children = (
				166DA20518018B4400B7CBCD /* en */,
			);
			name = InfoPlist.strings;
			sourceTree = "<group>";
		};
		166DA20D18018B4400B7CBCD /* Main.storyboard */ = {
			isa = PBXVariantGroup;
			children = (
				166DA20E18018B4400B7CBCD /* Base */,
			);
			name = Main.storyboard;
			sourceTree = "<group>";
		};
		166DA22318018B4400B7CBCD /* InfoPlist.strings */ = {
			isa = PBXVariantGroup;
			children = (
				166DA22418018B4400B7CBCD /* en */,
			);
			name = InfoPlist.strings;
			sourceTree = "<group>";
		};
/* End PBXVariantGroup section */

/* Begin XCBuildConfiguration section */
		166DA22818018B4400B7CBCD /* Debug */ = {
			isa = XCBuildConfiguration;
			buildSettings = {
				ALWAYS_SEARCH_USER_PATHS = NO;
				ARCHS = "$(ARCHS_STANDARD_INCLUDING_64_BIT)";
				CLANG_CXX_LANGUAGE_STANDARD = "gnu++0x";
				CLANG_CXX_LIBRARY = "libc++";
				CLANG_ENABLE_MODULES = YES;
				CLANG_ENABLE_OBJC_ARC = YES;
				CLANG_WARN_BOOL_CONVERSION = YES;
				CLANG_WARN_CONSTANT_CONVERSION = YES;
				CLANG_WARN_DIRECT_OBJC_ISA_USAGE = YES_ERROR;
				CLANG_WARN_EMPTY_BODY = YES;
				CLANG_WARN_ENUM_CONVERSION = YES;
				CLANG_WARN_INT_CONVERSION = YES;
				CLANG_WARN_OBJC_ROOT_CLASS = YES_ERROR;
				CLANG_WARN__DUPLICATE_METHOD_MATCH = YES;
				"CODE_SIGN_IDENTITY[sdk=iphoneos*]" = "iPhone Developer";
				COPY_PHASE_STRIP = NO;
				GCC_C_LANGUAGE_STANDARD = gnu99;
				GCC_DYNAMIC_NO_PIC = NO;
				GCC_OPTIMIZATION_LEVEL = 0;
				GCC_PREPROCESSOR_DEFINITIONS = (
					"DEBUG=1",
					"$(inherited)",
				);
				GCC_SYMBOLS_PRIVATE_EXTERN = NO;
				GCC_WARN_64_TO_32_BIT_CONVERSION = YES;
				GCC_WARN_ABOUT_RETURN_TYPE = YES_ERROR;
				GCC_WARN_UNDECLARED_SELECTOR = YES;
				GCC_WARN_UNINITIALIZED_AUTOS = YES;
				GCC_WARN_UNUSED_FUNCTION = YES;
				GCC_WARN_UNUSED_VARIABLE = YES;
				IPHONEOS_DEPLOYMENT_TARGET = 7.0;
				ONLY_ACTIVE_ARCH = YES;
				SDKROOT = iphoneos;
			};
			name = Debug;
		};
		166DA22918018B4400B7CBCD /* Release */ = {
			isa = XCBuildConfiguration;
			buildSettings = {
				ALWAYS_SEARCH_USER_PATHS = NO;
				ARCHS = "$(ARCHS_STANDARD_INCLUDING_64_BIT)";
				CLANG_CXX_LANGUAGE_STANDARD = "gnu++0x";
				CLANG_CXX_LIBRARY = "libc++";
				CLANG_ENABLE_MODULES = YES;
				CLANG_ENABLE_OBJC_ARC = YES;
				CLANG_WARN_BOOL_CONVERSION = YES;
				CLANG_WARN_CONSTANT_CONVERSION = YES;
				CLANG_WARN_DIRECT_OBJC_ISA_USAGE = YES_ERROR;
				CLANG_WARN_EMPTY_BODY = YES;
				CLANG_WARN_ENUM_CONVERSION = YES;
				CLANG_WARN_INT_CONVERSION = YES;
				CLANG_WARN_OBJC_ROOT_CLASS = YES_ERROR;
				CLANG_WARN__DUPLICATE_METHOD_MATCH = YES;
				"CODE_SIGN_IDENTITY[sdk=iphoneos*]" = "iPhone Developer";
				COPY_PHASE_STRIP = YES;
				ENABLE_NS_ASSERTIONS = NO;
				GCC_C_LANGUAGE_STANDARD = gnu99;
				GCC_WARN_64_TO_32_BIT_CONVERSION = YES;
				GCC_WARN_ABOUT_RETURN_TYPE = YES_ERROR;
				GCC_WARN_UNDECLARED_SELECTOR = YES;
				GCC_WARN_UNINITIALIZED_AUTOS = YES;
				GCC_WARN_UNUSED_FUNCTION = YES;
				GCC_WARN_UNUSED_VARIABLE = YES;
				IPHONEOS_DEPLOYMENT_TARGET = 7.0;
				SDKROOT = iphoneos;
				VALIDATE_PRODUCT = YES;
			};
			name = Release;
		};
		166DA22B18018B4400B7CBCD /* Debug */ = {
			isa = XCBuildConfiguration;
			buildSettings = {
				ASSETCATALOG_COMPILER_APPICON_NAME = AppIcon;
				ASSETCATALOG_COMPILER_LAUNCHIMAGE_NAME = LaunchImage;
				GCC_PRECOMPILE_PREFIX_HEADER = YES;
				GCC_PREFIX_HEADER = "MyAccounts/MyAccounts-Prefix.pch";
				INFOPLIST_FILE = "MyAccounts/MyAccounts-Info.plist";
				PRODUCT_NAME = "$(TARGET_NAME)";
				WRAPPER_EXTENSION = app;
			};
			name = Debug;
		};
		166DA22C18018B4400B7CBCD /* Release */ = {
			isa = XCBuildConfiguration;
			buildSettings = {
				ASSETCATALOG_COMPILER_APPICON_NAME = AppIcon;
				ASSETCATALOG_COMPILER_LAUNCHIMAGE_NAME = LaunchImage;
				GCC_PRECOMPILE_PREFIX_HEADER = YES;
				GCC_PREFIX_HEADER = "MyAccounts/MyAccounts-Prefix.pch";
				INFOPLIST_FILE = "MyAccounts/MyAccounts-Info.plist";
				PRODUCT_NAME = "$(TARGET_NAME)";
				WRAPPER_EXTENSION = app;
			};
			name = Release;
		};
		166DA22E18018B4400B7CBCD /* Debug */ = {
			isa = XCBuildConfiguration;
			buildSettings = {
				ARCHS = "$(ARCHS_STANDARD_INCLUDING_64_BIT)";
				BUNDLE_LOADER = "$(BUILT_PRODUCTS_DIR)/MyAccounts.app/MyAccounts";
				FRAMEWORK_SEARCH_PATHS = (
					"$(SDKROOT)/Developer/Library/Frameworks",
					"$(inherited)",
					"$(DEVELOPER_FRAMEWORKS_DIR)",
				);
				GCC_PRECOMPILE_PREFIX_HEADER = YES;
				GCC_PREFIX_HEADER = "MyAccounts/MyAccounts-Prefix.pch";
				GCC_PREPROCESSOR_DEFINITIONS = (
					"DEBUG=1",
					"$(inherited)",
				);
				INFOPLIST_FILE = "MyAccountsTests/MyAccountsTests-Info.plist";
				PRODUCT_NAME = "$(TARGET_NAME)";
				TEST_HOST = "$(BUNDLE_LOADER)";
				WRAPPER_EXTENSION = xctest;
			};
			name = Debug;
		};
		166DA22F18018B4400B7CBCD /* Release */ = {
			isa = XCBuildConfiguration;
			buildSettings = {
				ARCHS = "$(ARCHS_STANDARD_INCLUDING_64_BIT)";
				BUNDLE_LOADER = "$(BUILT_PRODUCTS_DIR)/MyAccounts.app/MyAccounts";
				FRAMEWORK_SEARCH_PATHS = (
					"$(SDKROOT)/Developer/Library/Frameworks",
					"$(inherited)",
					"$(DEVELOPER_FRAMEWORKS_DIR)",
				);
				GCC_PRECOMPILE_PREFIX_HEADER = YES;
				GCC_PREFIX_HEADER = "MyAccounts/MyAccounts-Prefix.pch";
				INFOPLIST_FILE = "MyAccountsTests/MyAccountsTests-Info.plist";
				PRODUCT_NAME = "$(TARGET_NAME)";
				TEST_HOST = "$(BUNDLE_LOADER)";
				WRAPPER_EXTENSION = xctest;
			};
			name = Release;
		};
/* End XCBuildConfiguration section */

/* Begin XCConfigurationList section */
		166DA1F318018B4400B7CBCD /* Build configuration list for PBXProject "MyAccounts" */ = {
			isa = XCConfigurationList;
			buildConfigurations = (
				166DA22818018B4400B7CBCD /* Debug */,
				166DA22918018B4400B7CBCD /* Release */,
			);
			defaultConfigurationIsVisible = 0;
			defaultConfigurationName = Release;
		};
		166DA22A18018B4400B7CBCD /* Build configuration list for PBXNativeTarget "MyAccounts" */ = {
			isa = XCConfigurationList;
			buildConfigurations = (
				166DA22B18018B4400B7CBCD /* Debug */,
				166DA22C18018B4400B7CBCD /* Release */,
			);
			defaultConfigurationIsVisible = 0;
		};
		166DA22D18018B4400B7CBCD /* Build configuration list for PBXNativeTarget "MyAccountsTests" */ = {
			isa = XCConfigurationList;
			buildConfigurations = (
				166DA22E18018B4400B7CBCD /* Debug */,
				166DA22F18018B4400B7CBCD /* Release */,
			);
			defaultConfigurationIsVisible = 0;
		};
/* End XCConfigurationList section */
	};
	rootObject = 166DA1F018018B4400B7CBCD /* Project object */;
}
