// !$*UTF8*$!
{
	archiveVersion = 1;
	classes = {
	};
	objectVersion = 46;
	objects = {

/* Begin PBXBuildFile section */
		16EC772018016540006C51C9 /* Foundation.framework in Frameworks */ = {isa = PBXBuildFile; fileRef = 16EC771F18016540006C51C9 /* Foundation.framework */; };
		16EC772218016540006C51C9 /* CoreGraphics.framework in Frameworks */ = {isa = PBXBuildFile; fileRef = 16EC772118016540006C51C9 /* CoreGraphics.framework */; };
		16EC772418016541006C51C9 /* UIKit.framework in Frameworks */ = {isa = PBXBuildFile; fileRef = 16EC772318016541006C51C9 /* UIKit.framework */; };
		16EC772A18016541006C51C9 /* InfoPlist.strings in Resources */ = {isa = PBXBuildFile; fileRef = 16EC772818016541006C51C9 /* InfoPlist.strings */; };
		16EC772C18016541006C51C9 /* main.m in Sources */ = {isa = PBXBuildFile; fileRef = 16EC772B18016541006C51C9 /* main.m */; };
		16EC773318016541006C51C9 /* Main.storyboard in Resources */ = {isa = PBXBuildFile; fileRef = 16EC773118016541006C51C9 /* Main.storyboard */; };
		16EC773818016541006C51C9 /* Images.xcassets in Resources */ = {isa = PBXBuildFile; fileRef = 16EC773718016541006C51C9 /* Images.xcassets */; };
		16EC773F18016541006C51C9 /* XCTest.framework in Frameworks */ = {isa = PBXBuildFile; fileRef = 16EC773E18016541006C51C9 /* XCTest.framework */; };
		16EC774018016541006C51C9 /* Foundation.framework in Frameworks */ = {isa = PBXBuildFile; fileRef = 16EC771F18016540006C51C9 /* Foundation.framework */; };
		16EC774118016541006C51C9 /* UIKit.framework in Frameworks */ = {isa = PBXBuildFile; fileRef = 16EC772318016541006C51C9 /* UIKit.framework */; };
		16EC774918016541006C51C9 /* InfoPlist.strings in Resources */ = {isa = PBXBuildFile; fileRef = 16EC774718016541006C51C9 /* InfoPlist.strings */; };
		16EC774B18016541006C51C9 /* AlarmClockTests.m in Sources */ = {isa = PBXBuildFile; fileRef = 16EC774A18016541006C51C9 /* AlarmClockTests.m */; };
		16EC775918016563006C51C9 /* YDAppDelegate.m in Sources */ = {isa = PBXBuildFile; fileRef = 16EC775518016563006C51C9 /* YDAppDelegate.m */; };
		16EC775A18016563006C51C9 /* YDViewController.m in Sources */ = {isa = PBXBuildFile; fileRef = 16EC775718016563006C51C9 /* YDViewController.m */; };
		16EC775B18016563006C51C9 /* YDViewController.xib in Resources */ = {isa = PBXBuildFile; fileRef = 16EC775818016563006C51C9 /* YDViewController.xib */; };
/* End PBXBuildFile section */

/* Begin PBXContainerItemProxy section */
		16EC774218016541006C51C9 /* PBXContainerItemProxy */ = {
			isa = PBXContainerItemProxy;
			containerPortal = 16EC771418016540006C51C9 /* Project object */;
			proxyType = 1;
			remoteGlobalIDString = 16EC771B18016540006C51C9;
			remoteInfo = AlarmClock;
		};
/* End PBXContainerItemProxy section */

/* Begin PBXFileReference section */
		16EC771C18016540006C51C9 /* AlarmClock.app */ = {isa = PBXFileReference; explicitFileType = wrapper.application; includeInIndex = 0; path = AlarmClock.app; sourceTree = BUILT_PRODUCTS_DIR; };
		16EC771F18016540006C51C9 /* Foundation.framework */ = {isa = PBXFileReference; lastKnownFileType = wrapper.framework; name = Foundation.framework; path = System/Library/Frameworks/Foundation.framework; sourceTree = SDKROOT; };
		16EC772118016540006C51C9 /* CoreGraphics.framework */ = {isa = PBXFileReference; lastKnownFileType = wrapper.framework; name = CoreGraphics.framework; path = System/Library/Frameworks/CoreGraphics.framework; sourceTree = SDKROOT; };
		16EC772318016541006C51C9 /* UIKit.framework */ = {isa = PBXFileReference; lastKnownFileType = wrapper.framework; name = UIKit.framework; path = System/Library/Frameworks/UIKit.framework; sourceTree = SDKROOT; };
		16EC772718016541006C51C9 /* AlarmClock-Info.plist */ = {isa = PBXFileReference; lastKnownFileType = text.plist.xml; path = "AlarmClock-Info.plist"; sourceTree = "<group>"; };
		16EC772918016541006C51C9 /* en */ = {isa = PBXFileReference; lastKnownFileType = text.plist.strings; name = en; path = en.lproj/InfoPlist.strings; sourceTree = "<group>"; };
		16EC772B18016541006C51C9 /* main.m */ = {isa = PBXFileReference; lastKnownFileType = sourcecode.c.objc; path = main.m; sourceTree = "<group>"; };
		16EC772D18016541006C51C9 /* AlarmClock-Prefix.pch */ = {isa = PBXFileReference; lastKnownFileType = sourcecode.c.h; path = "AlarmClock-Prefix.pch"; sourceTree = "<group>"; };
		16EC773218016541006C51C9 /* Base */ = {isa = PBXFileReference; lastKnownFileType = file.storyboard; name = Base; path = Base.lproj/Main.storyboard; sourceTree = "<group>"; };
		16EC773718016541006C51C9 /* Images.xcassets */ = {isa = PBXFileReference; lastKnownFileType = folder.assetcatalog; path = Images.xcassets; sourceTree = "<group>"; };
		16EC773D18016541006C51C9 /* AlarmClockTests.xctest */ = {isa = PBXFileReference; explicitFileType = wrapper.cfbundle; includeInIndex = 0; path = AlarmClockTests.xctest; sourceTree = BUILT_PRODUCTS_DIR; };
		16EC773E18016541006C51C9 /* XCTest.framework */ = {isa = PBXFileReference; lastKnownFileType = wrapper.framework; name = XCTest.framework; path = Library/Frameworks/XCTest.framework; sourceTree = DEVELOPER_DIR; };
		16EC774618016541006C51C9 /* AlarmClockTests-Info.plist */ = {isa = PBXFileReference; lastKnownFileType = text.plist.xml; path = "AlarmClockTests-Info.plist"; sourceTree = "<group>"; };
		16EC774818016541006C51C9 /* en */ = {isa = PBXFileReference; lastKnownFileType = text.plist.strings; name = en; path = en.lproj/InfoPlist.strings; sourceTree = "<group>"; };
		16EC774A18016541006C51C9 /* AlarmClockTests.m */ = {isa = PBXFileReference; lastKnownFileType = sourcecode.c.objc; path = AlarmClockTests.m; sourceTree = "<group>"; };
		16EC775418016563006C51C9 /* YDAppDelegate.h */ = {isa = PBXFileReference; fileEncoding = 4; lastKnownFileType = sourcecode.c.h; path = YDAppDelegate.h; sourceTree = "<group>"; };
		16EC775518016563006C51C9 /* YDAppDelegate.m */ = {isa = PBXFileReference; fileEncoding = 4; lastKnownFileType = sourcecode.c.objc; path = YDAppDelegate.m; sourceTree = "<group>"; };
		16EC775618016563006C51C9 /* YDViewController.h */ = {isa = PBXFileReference; fileEncoding = 4; lastKnownFileType = sourcecode.c.h; path = YDViewController.h; sourceTree = "<group>"; };
		16EC775718016563006C51C9 /* YDViewController.m */ = {isa = PBXFileReference; fileEncoding = 4; lastKnownFileType = sourcecode.c.objc; path = YDViewController.m; sourceTree = "<group>"; };
		16EC775818016563006C51C9 /* YDViewController.xib */ = {isa = PBXFileReference; fileEncoding = 4; lastKnownFileType = file.xib; path = YDViewController.xib; sourceTree = "<group>"; };
/* End PBXFileReference section */

/* Begin PBXFrameworksBuildPhase section */
		16EC771918016540006C51C9 /* Frameworks */ = {
			isa = PBXFrameworksBuildPhase;
			buildActionMask = 2147483647;
			files = (
				16EC772218016540006C51C9 /* CoreGraphics.framework in Frameworks */,
				16EC772418016541006C51C9 /* UIKit.framework in Frameworks */,
				16EC772018016540006C51C9 /* Foundation.framework in Frameworks */,
			);
			runOnlyForDeploymentPostprocessing = 0;
		};
		16EC773A18016541006C51C9 /* Frameworks */ = {
			isa = PBXFrameworksBuildPhase;
			buildActionMask = 2147483647;
			files = (
				16EC773F18016541006C51C9 /* XCTest.framework in Frameworks */,
				16EC774118016541006C51C9 /* UIKit.framework in Frameworks */,
				16EC774018016541006C51C9 /* Foundation.framework in Frameworks */,
			);
			runOnlyForDeploymentPostprocessing = 0;
		};
/* End PBXFrameworksBuildPhase section */

/* Begin PBXGroup section */
		16EC771318016540006C51C9 = {
			isa = PBXGroup;
			children = (
				16EC772518016541006C51C9 /* AlarmClock */,
				16EC774418016541006C51C9 /* AlarmClockTests */,
				16EC771E18016540006C51C9 /* Frameworks */,
				16EC771D18016540006C51C9 /* Products */,
			);
			sourceTree = "<group>";
		};
		16EC771D18016540006C51C9 /* Products */ = {
			isa = PBXGroup;
			children = (
				16EC771C18016540006C51C9 /* AlarmClock.app */,
				16EC773D18016541006C51C9 /* AlarmClockTests.xctest */,
			);
			name = Products;
			sourceTree = "<group>";
		};
		16EC771E18016540006C51C9 /* Frameworks */ = {
			isa = PBXGroup;
			children = (
				16EC771F18016540006C51C9 /* Foundation.framework */,
				16EC772118016540006C51C9 /* CoreGraphics.framework */,
				16EC772318016541006C51C9 /* UIKit.framework */,
				16EC773E18016541006C51C9 /* XCTest.framework */,
			);
			name = Frameworks;
			sourceTree = "<group>";
		};
		16EC772518016541006C51C9 /* AlarmClock */ = {
			isa = PBXGroup;
			children = (
				16EC775418016563006C51C9 /* YDAppDelegate.h */,
				16EC775518016563006C51C9 /* YDAppDelegate.m */,
				16EC775618016563006C51C9 /* YDViewController.h */,
				16EC775718016563006C51C9 /* YDViewController.m */,
				16EC775818016563006C51C9 /* YDViewController.xib */,
				16EC773118016541006C51C9 /* Main.storyboard */,
				16EC773718016541006C51C9 /* Images.xcassets */,
				16EC772618016541006C51C9 /* Supporting Files */,
			);
			path = AlarmClock;
			sourceTree = "<group>";
		};
		16EC772618016541006C51C9 /* Supporting Files */ = {
			isa = PBXGroup;
			children = (
				16EC772718016541006C51C9 /* AlarmClock-Info.plist */,
				16EC772818016541006C51C9 /* InfoPlist.strings */,
				16EC772B18016541006C51C9 /* main.m */,
				16EC772D18016541006C51C9 /* AlarmClock-Prefix.pch */,
			);
			name = "Supporting Files";
			sourceTree = "<group>";
		};
		16EC774418016541006C51C9 /* AlarmClockTests */ = {
			isa = PBXGroup;
			children = (
				16EC774A18016541006C51C9 /* AlarmClockTests.m */,
				16EC774518016541006C51C9 /* Supporting Files */,
			);
			path = AlarmClockTests;
			sourceTree = "<group>";
		};
		16EC774518016541006C51C9 /* Supporting Files */ = {
			isa = PBXGroup;
			children = (
				16EC774618016541006C51C9 /* AlarmClockTests-Info.plist */,
				16EC774718016541006C51C9 /* InfoPlist.strings */,
			);
			name = "Supporting Files";
			sourceTree = "<group>";
		};
/* End PBXGroup section */

/* Begin PBXNativeTarget section */
		16EC771B18016540006C51C9 /* AlarmClock */ = {
			isa = PBXNativeTarget;
			buildConfigurationList = 16EC774E18016541006C51C9 /* Build configuration list for PBXNativeTarget "AlarmClock" */;
			buildPhases = (
				16EC771818016540006C51C9 /* Sources */,
				16EC771918016540006C51C9 /* Frameworks */,
				16EC771A18016540006C51C9 /* Resources */,
			);
			buildRules = (
			);
			dependencies = (
			);
			name = AlarmClock;
			productName = AlarmClock;
			productReference = 16EC771C18016540006C51C9 /* AlarmClock.app */;
			productType = "com.apple.product-type.application";
		};
		16EC773C18016541006C51C9 /* AlarmClockTests */ = {
			isa = PBXNativeTarget;
			buildConfigurationList = 16EC775118016541006C51C9 /* Build configuration list for PBXNativeTarget "AlarmClockTests" */;
			buildPhases = (
				16EC773918016541006C51C9 /* Sources */,
				16EC773A18016541006C51C9 /* Frameworks */,
				16EC773B18016541006C51C9 /* Resources */,
			);
			buildRules = (
			);
			dependencies = (
				16EC774318016541006C51C9 /* PBXTargetDependency */,
			);
			name = AlarmClockTests;
			productName = AlarmClockTests;
			productReference = 16EC773D18016541006C51C9 /* AlarmClockTests.xctest */;
			productType = "com.apple.product-type.bundle.unit-test";
		};
/* End PBXNativeTarget section */

/* Begin PBXProject section */
		16EC771418016540006C51C9 /* Project object */ = {
			isa = PBXProject;
			attributes = {
				CLASSPREFIX = YD;
				LastUpgradeCheck = 0500;
				ORGANIZATIONNAME = YourDeveloper;
				TargetAttributes = {
					16EC773C18016541006C51C9 = {
						TestTargetID = 16EC771B18016540006C51C9;
					};
				};
			};
			buildConfigurationList = 16EC771718016540006C51C9 /* Build configuration list for PBXProject "AlarmClock" */;
			compatibilityVersion = "Xcode 3.2";
			developmentRegion = English;
			hasScannedForEncodings = 0;
			knownRegions = (
				en,
				Base,
			);
			mainGroup = 16EC771318016540006C51C9;
			productRefGroup = 16EC771D18016540006C51C9 /* Products */;
			projectDirPath = "";
			projectRoot = "";
			targets = (
				16EC771B18016540006C51C9 /* AlarmClock */,
				16EC773C18016541006C51C9 /* AlarmClockTests */,
			);
		};
/* End PBXProject section */

/* Begin PBXResourcesBuildPhase section */
		16EC771A18016540006C51C9 /* Resources */ = {
			isa = PBXResourcesBuildPhase;
			buildActionMask = 2147483647;
			files = (
				16EC773818016541006C51C9 /* Images.xcassets in Resources */,
				16EC775B18016563006C51C9 /* YDViewController.xib in Resources */,
				16EC772A18016541006C51C9 /* InfoPlist.strings in Resources */,
				16EC773318016541006C51C9 /* Main.storyboard in Resources */,
			);
			runOnlyForDeploymentPostprocessing = 0;
		};
		16EC773B18016541006C51C9 /* Resources */ = {
			isa = PBXResourcesBuildPhase;
			buildActionMask = 2147483647;
			files = (
				16EC774918016541006C51C9 /* InfoPlist.strings in Resources */,
			);
			runOnlyForDeploymentPostprocessing = 0;
		};
/* End PBXResourcesBuildPhase section */

/* Begin PBXSourcesBuildPhase section */
		16EC771818016540006C51C9 /* Sources */ = {
			isa = PBXSourcesBuildPhase;
			buildActionMask = 2147483647;
			files = (
				16EC772C18016541006C51C9 /* main.m in Sources */,
				16EC775A18016563006C51C9 /* YDViewController.m in Sources */,
				16EC775918016563006C51C9 /* YDAppDelegate.m in Sources */,
			);
			runOnlyForDeploymentPostprocessing = 0;
		};
		16EC773918016541006C51C9 /* Sources */ = {
			isa = PBXSourcesBuildPhase;
			buildActionMask = 2147483647;
			files = (
				16EC774B18016541006C51C9 /* AlarmClockTests.m in Sources */,
			);
			runOnlyForDeploymentPostprocessing = 0;
		};
/* End PBXSourcesBuildPhase section */

/* Begin PBXTargetDependency section */
		16EC774318016541006C51C9 /* PBXTargetDependency */ = {
			isa = PBXTargetDependency;
			target = 16EC771B18016540006C51C9 /* AlarmClock */;
			targetProxy = 16EC774218016541006C51C9 /* PBXContainerItemProxy */;
		};
/* End PBXTargetDependency section */

/* Begin PBXVariantGroup section */
		16EC772818016541006C51C9 /* InfoPlist.strings */ = {
			isa = PBXVariantGroup;
			children = (
				16EC772918016541006C51C9 /* en */,
			);
			name = InfoPlist.strings;
			sourceTree = "<group>";
		};
		16EC773118016541006C51C9 /* Main.storyboard */ = {
			isa = PBXVariantGroup;
			children = (
				16EC773218016541006C51C9 /* Base */,
			);
			name = Main.storyboard;
			sourceTree = "<group>";
		};
		16EC774718016541006C51C9 /* InfoPlist.strings */ = {
			isa = PBXVariantGroup;
			children = (
				16EC774818016541006C51C9 /* en */,
			);
			name = InfoPlist.strings;
			sourceTree = "<group>";
		};
/* End PBXVariantGroup section */

/* Begin XCBuildConfiguration section */
		16EC774C18016541006C51C9 /* Debug */ = {
			isa = XCBuildConfiguration;
			buildSettings = {
				ALWAYS_SEARCH_USER_PATHS = NO;
				ARCHS = "$(ARCHS_STANDARD_INCLUDING_64_BIT)";
				CLANG_CXX_LANGUAGE_STANDARD = "gnu++0x";
				CLANG_CXX_LIBRARY = "libc++";
				CLANG_ENABLE_MODULES = YES;
				CLANG_ENABLE_OBJC_ARC = YES;
				CLANG_WARN_BOOL_CONVERSION = YES;
				CLANG_WARN_CONSTANT_CONVERSION = YES;
				CLANG_WARN_DIRECT_OBJC_ISA_USAGE = YES_ERROR;
				CLANG_WARN_EMPTY_BODY = YES;
				CLANG_WARN_ENUM_CONVERSION = YES;
				CLANG_WARN_INT_CONVERSION = YES;
				CLANG_WARN_OBJC_ROOT_CLASS = YES_ERROR;
				CLANG_WARN__DUPLICATE_METHOD_MATCH = YES;
				"CODE_SIGN_IDENTITY[sdk=iphoneos*]" = "iPhone Developer";
				COPY_PHASE_STRIP = NO;
				GCC_C_LANGUAGE_STANDARD = gnu99;
				GCC_DYNAMIC_NO_PIC = NO;
				GCC_OPTIMIZATION_LEVEL = 0;
				GCC_PREPROCESSOR_DEFINITIONS = (
					"DEBUG=1",
					"$(inherited)",
				);
				GCC_SYMBOLS_PRIVATE_EXTERN = NO;
				GCC_WARN_64_TO_32_BIT_CONVERSION = YES;
				GCC_WARN_ABOUT_RETURN_TYPE = YES_ERROR;
				GCC_WARN_UNDECLARED_SELECTOR = YES;
				GCC_WARN_UNINITIALIZED_AUTOS = YES;
				GCC_WARN_UNUSED_FUNCTION = YES;
				GCC_WARN_UNUSED_VARIABLE = YES;
				IPHONEOS_DEPLOYMENT_TARGET = 7.0;
				ONLY_ACTIVE_ARCH = YES;
				SDKROOT = iphoneos;
			};
			name = Debug;
		};
		16EC774D18016541006C51C9 /* Release */ = {
			isa = XCBuildConfiguration;
			buildSettings = {
				ALWAYS_SEARCH_USER_PATHS = NO;
				ARCHS = "$(ARCHS_STANDARD_INCLUDING_64_BIT)";
				CLANG_CXX_LANGUAGE_STANDARD = "gnu++0x";
				CLANG_CXX_LIBRARY = "libc++";
				CLANG_ENABLE_MODULES = YES;
				CLANG_ENABLE_OBJC_ARC = YES;
				CLANG_WARN_BOOL_CONVERSION = YES;
				CLANG_WARN_CONSTANT_CONVERSION = YES;
				CLANG_WARN_DIRECT_OBJC_ISA_USAGE = YES_ERROR;
				CLANG_WARN_EMPTY_BODY = YES;
				CLANG_WARN_ENUM_CONVERSION = YES;
				CLANG_WARN_INT_CONVERSION = YES;
				CLANG_WARN_OBJC_ROOT_CLASS = YES_ERROR;
				CLANG_WARN__DUPLICATE_METHOD_MATCH = YES;
				"CODE_SIGN_IDENTITY[sdk=iphoneos*]" = "iPhone Developer";
				COPY_PHASE_STRIP = YES;
				ENABLE_NS_ASSERTIONS = NO;
				GCC_C_LANGUAGE_STANDARD = gnu99;
				GCC_WARN_64_TO_32_BIT_CONVERSION = YES;
				GCC_WARN_ABOUT_RETURN_TYPE = YES_ERROR;
				GCC_WARN_UNDECLARED_SELECTOR = YES;
				GCC_WARN_UNINITIALIZED_AUTOS = YES;
				GCC_WARN_UNUSED_FUNCTION = YES;
				GCC_WARN_UNUSED_VARIABLE = YES;
				IPHONEOS_DEPLOYMENT_TARGET = 7.0;
				SDKROOT = iphoneos;
				VALIDATE_PRODUCT = YES;
			};
			name = Release;
		};
		16EC774F18016541006C51C9 /* Debug */ = {
			isa = XCBuildConfiguration;
			buildSettings = {
				ASSETCATALOG_COMPILER_APPICON_NAME = AppIcon;
				ASSETCATALOG_COMPILER_LAUNCHIMAGE_NAME = LaunchImage;
				GCC_PRECOMPILE_PREFIX_HEADER = YES;
				GCC_PREFIX_HEADER = "AlarmClock/AlarmClock-Prefix.pch";
				INFOPLIST_FILE = "AlarmClock/AlarmClock-Info.plist";
				PRODUCT_NAME = "$(TARGET_NAME)";
				WRAPPER_EXTENSION = app;
			};
			name = Debug;
		};
		16EC775018016541006C51C9 /* Release */ = {
			isa = XCBuildConfiguration;
			buildSettings = {
				ASSETCATALOG_COMPILER_APPICON_NAME = AppIcon;
				ASSETCATALOG_COMPILER_LAUNCHIMAGE_NAME = LaunchImage;
				GCC_PRECOMPILE_PREFIX_HEADER = YES;
				GCC_PREFIX_HEADER = "AlarmClock/AlarmClock-Prefix.pch";
				INFOPLIST_FILE = "AlarmClock/AlarmClock-Info.plist";
				PRODUCT_NAME = "$(TARGET_NAME)";
				WRAPPER_EXTENSION = app;
			};
			name = Release;
		};
		16EC775218016541006C51C9 /* Debug */ = {
			isa = XCBuildConfiguration;
			buildSettings = {
				ARCHS = "$(ARCHS_STANDARD_INCLUDING_64_BIT)";
				BUNDLE_LOADER = "$(BUILT_PRODUCTS_DIR)/AlarmClock.app/AlarmClock";
				FRAMEWORK_SEARCH_PATHS = (
					"$(SDKROOT)/Developer/Library/Frameworks",
					"$(inherited)",
					"$(DEVELOPER_FRAMEWORKS_DIR)",
				);
				GCC_PRECOMPILE_PREFIX_HEADER = YES;
				GCC_PREFIX_HEADER = "AlarmClock/AlarmClock-Prefix.pch";
				GCC_PREPROCESSOR_DEFINITIONS = (
					"DEBUG=1",
					"$(inherited)",
				);
				INFOPLIST_FILE = "AlarmClockTests/AlarmClockTests-Info.plist";
				PRODUCT_NAME = "$(TARGET_NAME)";
				TEST_HOST = "$(BUNDLE_LOADER)";
				WRAPPER_EXTENSION = xctest;
			};
			name = Debug;
		};
		16EC775318016541006C51C9 /* Release */ = {
			isa = XCBuildConfiguration;
			buildSettings = {
				ARCHS = "$(ARCHS_STANDARD_INCLUDING_64_BIT)";
				BUNDLE_LOADER = "$(BUILT_PRODUCTS_DIR)/AlarmClock.app/AlarmClock";
				FRAMEWORK_SEARCH_PATHS = (
					"$(SDKROOT)/Developer/Library/Frameworks",
					"$(inherited)",
					"$(DEVELOPER_FRAMEWORKS_DIR)",
				);
				GCC_PRECOMPILE_PREFIX_HEADER = YES;
				GCC_PREFIX_HEADER = "AlarmClock/AlarmClock-Prefix.pch";
				INFOPLIST_FILE = "AlarmClockTests/AlarmClockTests-Info.plist";
				PRODUCT_NAME = "$(TARGET_NAME)";
				TEST_HOST = "$(BUNDLE_LOADER)";
				WRAPPER_EXTENSION = xctest;
			};
			name = Release;
		};
/* End XCBuildConfiguration section */

/* Begin XCConfigurationList section */
		16EC771718016540006C51C9 /* Build configuration list for PBXProject "AlarmClock" */ = {
			isa = XCConfigurationList;
			buildConfigurations = (
				16EC774C18016541006C51C9 /* Debug */,
				16EC774D18016541006C51C9 /* Release */,
			);
			defaultConfigurationIsVisible = 0;
			defaultConfigurationName = Release;
		};
		16EC774E18016541006C51C9 /* Build configuration list for PBXNativeTarget "AlarmClock" */ = {
			isa = XCConfigurationList;
			buildConfigurations = (
				16EC774F18016541006C51C9 /* Debug */,
				16EC775018016541006C51C9 /* Release */,
			);
			defaultConfigurationIsVisible = 0;
		};
		16EC775118016541006C51C9 /* Build configuration list for PBXNativeTarget "AlarmClockTests" */ = {
			isa = XCConfigurationList;
			buildConfigurations = (
				16EC775218016541006C51C9 /* Debug */,
				16EC775318016541006C51C9 /* Release */,
			);
			defaultConfigurationIsVisible = 0;
		};
/* End XCConfigurationList section */
	};
	rootObject = 16EC771418016540006C51C9 /* Project object */;
}
